// !$*UTF8*$!
{
	archiveVersion = 1;
	classes = {
	};
	objectVersion = 50;
	objects = {

/* Begin PBXBuildFile section */
		29BA871AF238F7300ED0A149 /* Pods_DRNearTests.framework in Frameworks */ = {isa = PBXBuildFile; fileRef = 5B2D3125280CCAAF198E21B9 /* Pods_DRNearTests.framework */; };
		4C2871C006782E5311F7F780 /* AuthorizationTests.swift in Sources */ = {isa = PBXBuildFile; fileRef = 4C287484ADC3F373C2CF204A /* AuthorizationTests.swift */; };
		4C287234773E4E2458246776 /* SimpleObjectsTests.swift in Sources */ = {isa = PBXBuildFile; fileRef = 4C2878D9A4D3FA203745DBD1 /* SimpleObjectsTests.swift */; };
		4C28754E684C658153CD4A90 /* IdentificationTests.swift in Sources */ = {isa = PBXBuildFile; fileRef = 4C28798DE7F12D0439A07B13 /* IdentificationTests.swift */; };
		4C287CE2462150329776CA93 /* AppicationTests.swift in Sources */ = {isa = PBXBuildFile; fileRef = 4C2879CBC781343E41611DD3 /* AppicationTests.swift */; };
		4C287DEB8A8FBA8973E56C2A /* MedCardTests.swift in Sources */ = {isa = PBXBuildFile; fileRef = 4C2876ED262F9EFB6E8ACD9C /* MedCardTests.swift */; };
		4C287DEBCF054934DD89DFB8 /* TestExtensions.swift in Sources */ = {isa = PBXBuildFile; fileRef = 4C2870CE42C49DEA699E0DE1 /* TestExtensions.swift */; };
		6FA8E9FC14F632BDE7948806 /* Pods_DRNear.framework in Frameworks */ = {isa = PBXBuildFile; fileRef = 7F61520493534457F4BFE257 /* Pods_DRNear.framework */; };
		FD060C9E2119F2F400EF3C2B /* BadHabitsTests.swift in Sources */ = {isa = PBXBuildFile; fileRef = FD060C9D2119F2F400EF3C2B /* BadHabitsTests.swift */; };
		FD4C538D21300120008D5008 /* SystemRelated.swift in Sources */ = {isa = PBXBuildFile; fileRef = FD4C52F72130011E008D5008 /* SystemRelated.swift */; };
		FD4C538E21300120008D5008 /* DatedListPresentation.swift in Sources */ = {isa = PBXBuildFile; fileRef = FD4C52F92130011E008D5008 /* DatedListPresentation.swift */; };
		FD4C538F21300120008D5008 /* MedCardCollectionViewPresentation.swift in Sources */ = {isa = PBXBuildFile; fileRef = FD4C52FA2130011E008D5008 /* MedCardCollectionViewPresentation.swift */; };
		FD4C539021300120008D5008 /* AllObservableDiseasesFromAPI.swift in Sources */ = {isa = PBXBuildFile; fileRef = FD4C52FC2130011E008D5008 /* AllObservableDiseasesFromAPI.swift */; };
		FD4C539121300120008D5008 /* DiseasesUpdate.swift in Sources */ = {isa = PBXBuildFile; fileRef = FD4C52FD2130011E008D5008 /* DiseasesUpdate.swift */; };
		FD4C539221300120008D5008 /* MyObservableDiseasesFromAPI.swift in Sources */ = {isa = PBXBuildFile; fileRef = FD4C52FE2130011E008D5008 /* MyObservableDiseasesFromAPI.swift */; };
		FD4C539321300120008D5008 /* DiseaseFrom.swift in Sources */ = {isa = PBXBuildFile; fileRef = FD4C52FF2130011E008D5008 /* DiseaseFrom.swift */; };
		FD4C539421300120008D5008 /* SimpleDisease.swift in Sources */ = {isa = PBXBuildFile; fileRef = FD4C53002130011E008D5008 /* SimpleDisease.swift */; };
		FD4C539521300120008D5008 /* Diseases.swift in Sources */ = {isa = PBXBuildFile; fileRef = FD4C53012130011E008D5008 /* Diseases.swift */; };
		FD4C539621300120008D5008 /* Disease.swift in Sources */ = {isa = PBXBuildFile; fileRef = FD4C53022130011E008D5008 /* Disease.swift */; };
		FD4C539721300120008D5008 /* CommentedDisease.swift in Sources */ = {isa = PBXBuildFile; fileRef = FD4C53032130011E008D5008 /* CommentedDisease.swift */; };
		FD4C539821300120008D5008 /* SimpleVaccination.swift in Sources */ = {isa = PBXBuildFile; fileRef = FD4C53052130011E008D5008 /* SimpleVaccination.swift */; };
		FD4C539921300120008D5008 /* VaccinationUpdate.swift in Sources */ = {isa = PBXBuildFile; fileRef = FD4C53062130011E008D5008 /* VaccinationUpdate.swift */; };
		FD4C539A21300120008D5008 /* Vaccinations.swift in Sources */ = {isa = PBXBuildFile; fileRef = FD4C53072130011E008D5008 /* Vaccinations.swift */; };
		FD4C539B21300120008D5008 /* DateSelectionPresentation.swift in Sources */ = {isa = PBXBuildFile; fileRef = FD4C53082130011E008D5008 /* DateSelectionPresentation.swift */; };
		FD4C539C21300120008D5008 /* MyObservableVaccinationsFromAPI.swift in Sources */ = {isa = PBXBuildFile; fileRef = FD4C53092130011E008D5008 /* MyObservableVaccinationsFromAPI.swift */; };
		FD4C539D21300120008D5008 /* AllObservableVaccinationsFromAPI.swift in Sources */ = {isa = PBXBuildFile; fileRef = FD4C530A2130011E008D5008 /* AllObservableVaccinationsFromAPI.swift */; };
		FD4C539E21300120008D5008 /* DatedVaccination.swift in Sources */ = {isa = PBXBuildFile; fileRef = FD4C530B2130011E008D5008 /* DatedVaccination.swift */; };
		FD4C539F21300120008D5008 /* Vaccination.swift in Sources */ = {isa = PBXBuildFile; fileRef = FD4C530C2130011E008D5008 /* Vaccination.swift */; };
		FD4C53A021300120008D5008 /* VaccinationFrom.swift in Sources */ = {isa = PBXBuildFile; fileRef = FD4C530D2130011E008D5008 /* VaccinationFrom.swift */; };
		FD4C53A121300120008D5008 /* Consultations.swift in Sources */ = {isa = PBXBuildFile; fileRef = FD4C530F2130011E008D5008 /* Consultations.swift */; };
		FD4C53A221300120008D5008 /* SimpleConsultation.swift in Sources */ = {isa = PBXBuildFile; fileRef = FD4C53102130011E008D5008 /* SimpleConsultation.swift */; };
		FD4C53A321300120008D5008 /* MyObservableConsultationsFromAPI.swift in Sources */ = {isa = PBXBuildFile; fileRef = FD4C53112130011E008D5008 /* MyObservableConsultationsFromAPI.swift */; };
		FD4C53A421300120008D5008 /* DatedDescribedCell.swift in Sources */ = {isa = PBXBuildFile; fileRef = FD4C53122130011E008D5008 /* DatedDescribedCell.swift */; };
		FD4C53A521300120008D5008 /* MyObservableAnalysesFromAPI.swift in Sources */ = {isa = PBXBuildFile; fileRef = FD4C53142130011E008D5008 /* MyObservableAnalysesFromAPI.swift */; };
		FD4C53A721300120008D5008 /* SimpleMedicalTest.swift in Sources */ = {isa = PBXBuildFile; fileRef = FD4C53162130011E008D5008 /* SimpleMedicalTest.swift */; };
		FD4C53A821300120008D5008 /* File.swift in Sources */ = {isa = PBXBuildFile; fileRef = FD4C53172130011E008D5008 /* File.swift */; };
		FD4C53A921300120008D5008 /* MedicalTests.swift in Sources */ = {isa = PBXBuildFile; fileRef = FD4C53182130011E008D5008 /* MedicalTests.swift */; };
		FD4C53AA21300120008D5008 /* AllergiesUpdate.swift in Sources */ = {isa = PBXBuildFile; fileRef = FD4C531A2130011E008D5008 /* AllergiesUpdate.swift */; };
		FD4C53AB21300120008D5008 /* AllergyFrom.swift in Sources */ = {isa = PBXBuildFile; fileRef = FD4C531B2130011E008D5008 /* AllergyFrom.swift */; };
		FD4C53AC21300120008D5008 /* MyObservableAllergiesFromAPI.swift in Sources */ = {isa = PBXBuildFile; fileRef = FD4C531C2130011E008D5008 /* MyObservableAllergiesFromAPI.swift */; };
		FD4C53AD21300120008D5008 /* AllObservableAllergiesFromAPI.swift in Sources */ = {isa = PBXBuildFile; fileRef = FD4C531D2130011E008D5008 /* AllObservableAllergiesFromAPI.swift */; };
		FD4C53AE21300120008D5008 /* Allergy.swift in Sources */ = {isa = PBXBuildFile; fileRef = FD4C531E2130011E008D5008 /* Allergy.swift */; };
		FD4C53AF21300120008D5008 /* Allergies.swift in Sources */ = {isa = PBXBuildFile; fileRef = FD4C531F2130011E008D5008 /* Allergies.swift */; };
		FD4C53B021300120008D5008 /* ClarifiedAllergy.swift in Sources */ = {isa = PBXBuildFile; fileRef = FD4C53202130011E008D5008 /* ClarifiedAllergy.swift */; };
		FD4C53B121300120008D5008 /* BadHabits.swift in Sources */ = {isa = PBXBuildFile; fileRef = FD4C53222130011E008D5008 /* BadHabits.swift */; };
		FD4C53B221300120008D5008 /* MyBadHabitsPresentation.swift in Sources */ = {isa = PBXBuildFile; fileRef = FD4C53232130011E008D5008 /* MyBadHabitsPresentation.swift */; };
		FD4C53B321300120008D5008 /* BadHabitFrom.swift in Sources */ = {isa = PBXBuildFile; fileRef = FD4C53242130011E008D5008 /* BadHabitFrom.swift */; };
		FD4C53B421300120008D5008 /* MyObservableBadHabitsFromAPI.swift in Sources */ = {isa = PBXBuildFile; fileRef = FD4C53252130011E008D5008 /* MyObservableBadHabitsFromAPI.swift */; };
		FD4C53B521300120008D5008 /* BadHabitTableViewCell.swift in Sources */ = {isa = PBXBuildFile; fileRef = FD4C53262130011E008D5008 /* BadHabitTableViewCell.swift */; };
		FD4C53B621300120008D5008 /* SimleBadHabit.swift in Sources */ = {isa = PBXBuildFile; fileRef = FD4C53272130011E008D5008 /* SimleBadHabit.swift */; };
		FD4C53B821300120008D5008 /* AllObservableBadHabitsFromAPI.swift in Sources */ = {isa = PBXBuildFile; fileRef = FD4C53292130011E008D5008 /* AllObservableBadHabitsFromAPI.swift */; };
		FD4C53B921300120008D5008 /* BadHabitsUpdate.swift in Sources */ = {isa = PBXBuildFile; fileRef = FD4C532A2130011E008D5008 /* BadHabitsUpdate.swift */; };
		FD4C53BA21300120008D5008 /* BadHabit.swift in Sources */ = {isa = PBXBuildFile; fileRef = FD4C532B2130011E008D5008 /* BadHabit.swift */; };
		FD4C53BB21300120008D5008 /* AllBadHabitsPresentation.swift in Sources */ = {isa = PBXBuildFile; fileRef = FD4C532C2130011E008D5008 /* AllBadHabitsPresentation.swift */; };
		FD4C53BC21300120008D5008 /* BadHabitsTableViewPresentation.swift in Sources */ = {isa = PBXBuildFile; fileRef = FD4C532D2130011E008D5008 /* BadHabitsTableViewPresentation.swift */; };
		FD4C53BD21300120008D5008 /* MedCardOptionFrom.swift in Sources */ = {isa = PBXBuildFile; fileRef = FD4C532F2130011E008D5008 /* MedCardOptionFrom.swift */; };
		FD4C53BE21300120008D5008 /* ObservableMedCardOptions.swift in Sources */ = {isa = PBXBuildFile; fileRef = FD4C53302130011E008D5008 /* ObservableMedCardOptions.swift */; };
		FD4C53BF21300120008D5008 /* MedCardOptionCollectionViewCell.swift in Sources */ = {isa = PBXBuildFile; fileRef = FD4C53312130011E008D5008 /* MedCardOptionCollectionViewCell.swift */; };
		FD4C53C021300120008D5008 /* MedCardOptionApplicableToCollectionViewCell.swift in Sources */ = {isa = PBXBuildFile; fileRef = FD4C53322130011E008D5008 /* MedCardOptionApplicableToCollectionViewCell.swift */; };
		FD4C53C121300120008D5008 /* MedCardOption.swift in Sources */ = {isa = PBXBuildFile; fileRef = FD4C53332130011E008D5008 /* MedCardOption.swift */; };
		FD4C53C221300120008D5008 /* NumberRegistrationPresentation.swift in Sources */ = {isa = PBXBuildFile; fileRef = FD4C53362130011E008D5008 /* NumberRegistrationPresentation.swift */; };
		FD4C53C321300120008D5008 /* PincodeCreationPresentation.swift in Sources */ = {isa = PBXBuildFile; fileRef = FD4C53372130011E008D5008 /* PincodeCreationPresentation.swift */; };
		FD4C53C421300120008D5008 /* NumberPad.swift in Sources */ = {isa = PBXBuildFile; fileRef = FD4C53382130011E008D5008 /* NumberPad.swift */; };
		FD4C53C521300120008D5008 /* Registration.swift in Sources */ = {isa = PBXBuildFile; fileRef = FD4C53392130011E008D5008 /* Registration.swift */; };
		FD4C53C621300120008D5008 /* NumberConfirmationFromAPI.swift in Sources */ = {isa = PBXBuildFile; fileRef = FD4C533B2130011E008D5008 /* NumberConfirmationFromAPI.swift */; };
		FD4C53C721300120008D5008 /* AccountCreationPresentation.swift in Sources */ = {isa = PBXBuildFile; fileRef = FD4C533C2130011E008D5008 /* AccountCreationPresentation.swift */; };
		FD4C53C821300120008D5008 /* InAppAuthorization.swift in Sources */ = {isa = PBXBuildFile; fileRef = FD4C533D2130011E008D5008 /* InAppAuthorization.swift */; };
		FD4C53C921300120008D5008 /* AccountCommitmentFromAPI.swift in Sources */ = {isa = PBXBuildFile; fileRef = FD4C533E2130011E008D5008 /* AccountCommitmentFromAPI.swift */; };
		FD4C53CA21300120008D5008 /* ApplicationSetup.swift in Sources */ = {isa = PBXBuildFile; fileRef = FD4C533F2130011E008D5008 /* ApplicationSetup.swift */; };
		FD4C53CB21300120008D5008 /* NumberRegistrationFromAPI.swift in Sources */ = {isa = PBXBuildFile; fileRef = FD4C53402130011E008D5008 /* NumberRegistrationFromAPI.swift */; };
		FD4C53CC21300120008D5008 /* ConfirmNumberPresentation.swift in Sources */ = {isa = PBXBuildFile; fileRef = FD4C53412130011E008D5008 /* ConfirmNumberPresentation.swift */; };
		FD4C53CD21300120008D5008 /* SimpleCodeConfirmationPresentation.swift in Sources */ = {isa = PBXBuildFile; fileRef = FD4C53422130011E008D5008 /* SimpleCodeConfirmationPresentation.swift */; };
		FD4C53CE21300120008D5008 /* SimpleLoginPresentation.swift in Sources */ = {isa = PBXBuildFile; fileRef = FD4C53432130011E008D5008 /* SimpleLoginPresentation.swift */; };
		FD4C53CF21300120008D5008 /* SimpleAuthority.swift in Sources */ = {isa = PBXBuildFile; fileRef = FD4C53452130011E008D5008 /* SimpleAuthority.swift */; };
		FD4C53D021300120008D5008 /* TokenFromString.swift in Sources */ = {isa = PBXBuildFile; fileRef = FD4C53472130011E008D5008 /* TokenFromString.swift */; };
		FD4C53D121300120008D5008 /* Token.swift in Sources */ = {isa = PBXBuildFile; fileRef = FD4C53482130011E008D5008 /* Token.swift */; };
		FD4C53D221300120008D5008 /* EmptyToken.swift in Sources */ = {isa = PBXBuildFile; fileRef = FD4C53492130011E008D5008 /* EmptyToken.swift */; };
		FD4C53D321300120008D5008 /* Authority.swift in Sources */ = {isa = PBXBuildFile; fileRef = FD4C534A2130011E008D5008 /* Authority.swift */; };
		FD4C53D421300120008D5008 /* CredentialsFrom.swift in Sources */ = {isa = PBXBuildFile; fileRef = FD4C534C2130011E008D5008 /* CredentialsFrom.swift */; };
		FD4C53D521300120008D5008 /* Credentials.swift in Sources */ = {isa = PBXBuildFile; fileRef = FD4C534D2130011E008D5008 /* Credentials.swift */; };
		FD4C53D621300120008D5008 /* AuthorityFromAPI.swift in Sources */ = {isa = PBXBuildFile; fileRef = FD4C534E2130011E008D5008 /* AuthorityFromAPI.swift */; };
		FD4C53D721300120008D5008 /* UIView.swift in Sources */ = {isa = PBXBuildFile; fileRef = FD4C53502130011E008D5008 /* UIView.swift */; };
		FD4C53D821300120008D5008 /* UIScrollView+TPKeyboardAvoidingAdditions.m in Sources */ = {isa = PBXBuildFile; fileRef = FD4C53542130011E008D5008 /* UIScrollView+TPKeyboardAvoidingAdditions.m */; };
		FD4C53D921300120008D5008 /* TPKeyboardAvoidingTableView.m in Sources */ = {isa = PBXBuildFile; fileRef = FD4C53552130011E008D5008 /* TPKeyboardAvoidingTableView.m */; };
		FD4C53DA21300120008D5008 /* TPKeyboardAvoidingScrollView.m in Sources */ = {isa = PBXBuildFile; fileRef = FD4C53562130011E008D5008 /* TPKeyboardAvoidingScrollView.m */; };
		FD4C53DB21300120008D5008 /* TPKeyboardAvoidingCollectionView.m in Sources */ = {isa = PBXBuildFile; fileRef = FD4C53582130011E008D5008 /* TPKeyboardAvoidingCollectionView.m */; };
		FD4C53DC21300120008D5008 /* UICollectionView.swift in Sources */ = {isa = PBXBuildFile; fileRef = FD4C535A2130011E008D5008 /* UICollectionView.swift */; };
		FD4C53DD21300120008D5008 /* UITableView.swift in Sources */ = {isa = PBXBuildFile; fileRef = FD4C535B2130011E008D5008 /* UITableView.swift */; };
		FD4C53DE21300120008D5008 /* Alamofire.swift in Sources */ = {isa = PBXBuildFile; fileRef = FD4C535C2130011E008D5008 /* Alamofire.swift */; };
		FD4C53DF21300120008D5008 /* UITextField.swift in Sources */ = {isa = PBXBuildFile; fileRef = FD4C535D2130011E008D5008 /* UITextField.swift */; };
		FD4C53E021300120008D5008 /* UIButton.swift in Sources */ = {isa = PBXBuildFile; fileRef = FD4C535E2130011E008D5008 /* UIButton.swift */; };
		FD4C53E121300120008D5008 /* UIImageView.swift in Sources */ = {isa = PBXBuildFile; fileRef = FD4C535F2130011E008D5008 /* UIImageView.swift */; };
		FD4C53E221300120008D5008 /* UILabel.swift in Sources */ = {isa = PBXBuildFile; fileRef = FD4C53602130011E008D5008 /* UILabel.swift */; };
		FD4C53E321300120008D5008 /* UINavigationController.swift in Sources */ = {isa = PBXBuildFile; fileRef = FD4C53612130011E008D5008 /* UINavigationController.swift */; };
		FD4C53E421300120008D5008 /* Assets.xcassets in Resources */ = {isa = PBXBuildFile; fileRef = FD4C53622130011F008D5008 /* Assets.xcassets */; };
		FD4C53E521300120008D5008 /* UIColor+Additions.swift in Sources */ = {isa = PBXBuildFile; fileRef = FD4C53642130011F008D5008 /* UIColor+Additions.swift */; };
		FD4C53E621300120008D5008 /* UIFont+Additions.swift in Sources */ = {isa = PBXBuildFile; fileRef = FD4C53652130011F008D5008 /* UIFont+Additions.swift */; };
		FD4C53E721300120008D5008 /* FiraSans-Medium.ttf in Resources */ = {isa = PBXBuildFile; fileRef = FD4C53672130011F008D5008 /* FiraSans-Medium.ttf */; };
		FD4C53E821300120008D5008 /* FiraSans-Bold.ttf in Resources */ = {isa = PBXBuildFile; fileRef = FD4C53682130011F008D5008 /* FiraSans-Bold.ttf */; };
		FD4C53E921300120008D5008 /* FiraSans-Regular.ttf in Resources */ = {isa = PBXBuildFile; fileRef = FD4C53692130011F008D5008 /* FiraSans-Regular.ttf */; };
		FD4C53EA21300120008D5008 /* Info.plist in Resources */ = {isa = PBXBuildFile; fileRef = FD4C536A2130011F008D5008 /* Info.plist */; };
		FD4C53EB21300120008D5008 /* ContainingImage.swift in Sources */ = {isa = PBXBuildFile; fileRef = FD4C536C2130011F008D5008 /* ContainingImage.swift */; };
		FD4C53EC21300120008D5008 /* ViewController.swift in Sources */ = {isa = PBXBuildFile; fileRef = FD4C536D2130011F008D5008 /* ViewController.swift */; };
		FD4C53ED21300120008D5008 /* Applicable.swift in Sources */ = {isa = PBXBuildFile; fileRef = FD4C536E2130011F008D5008 /* Applicable.swift */; };
		FD4C53EE21300120008D5008 /* Update.swift in Sources */ = {isa = PBXBuildFile; fileRef = FD4C536F2130011F008D5008 /* Update.swift */; };
		FD4C53EF21300120008D5008 /* Refreshable.swift in Sources */ = {isa = PBXBuildFile; fileRef = FD4C53702130011F008D5008 /* Refreshable.swift */; };
		FD4C53F021300120008D5008 /* Dated.swift in Sources */ = {isa = PBXBuildFile; fileRef = FD4C53712130011F008D5008 /* Dated.swift */; };
		FD4C53F121300120008D5008 /* EmtyObservableImage.swift in Sources */ = {isa = PBXBuildFile; fileRef = FD4C53722130011F008D5008 /* EmtyObservableImage.swift */; };
		FD4C53F221300120008D5008 /* Presentation.swift in Sources */ = {isa = PBXBuildFile; fileRef = FD4C53732130011F008D5008 /* Presentation.swift */; };
		FD4C53F321300120008D5008 /* Editable.swift in Sources */ = {isa = PBXBuildFile; fileRef = FD4C53742130011F008D5008 /* Editable.swift */; };
		FD4C53F421300120008D5008 /* DeletionPresentation.swift in Sources */ = {isa = PBXBuildFile; fileRef = FD4C53752130011F008D5008 /* DeletionPresentation.swift */; };
		FD4C53F621300120008D5008 /* Interactive.swift in Sources */ = {isa = PBXBuildFile; fileRef = FD4C53772130011F008D5008 /* Interactive.swift */; };
		FD4C53F721300120008D5008 /* Descripted.swift in Sources */ = {isa = PBXBuildFile; fileRef = FD4C53782130011F008D5008 /* Descripted.swift */; };
		FD4C53F821300120008D5008 /* Request.swift in Sources */ = {isa = PBXBuildFile; fileRef = FD4C53792130011F008D5008 /* Request.swift */; };
		FD4C53F921300120008D5008 /* Selectable.swift in Sources */ = {isa = PBXBuildFile; fileRef = FD4C537A2130011F008D5008 /* Selectable.swift */; };
		FD4C53FA21300120008D5008 /* ObservableImage.swift in Sources */ = {isa = PBXBuildFile; fileRef = FD4C537B2130011F008D5008 /* ObservableImage.swift */; };
		FD4C53FB21300120008D5008 /* TransitionSource.swift in Sources */ = {isa = PBXBuildFile; fileRef = FD4C537D2130011F008D5008 /* TransitionSource.swift */; };
		FD4C53FC21300120008D5008 /* ErrorAlertTransition.swift in Sources */ = {isa = PBXBuildFile; fileRef = FD4C537E2130011F008D5008 /* ErrorAlertTransition.swift */; };
		FD4C53FD21300120008D5008 /* Transition.swift in Sources */ = {isa = PBXBuildFile; fileRef = FD4C537F2130011F008D5008 /* Transition.swift */; };
		FD4C53FE21300120008D5008 /* SimpleNavigationBar.swift in Sources */ = {isa = PBXBuildFile; fileRef = FD4C53812130011F008D5008 /* SimpleNavigationBar.swift */; };
		FD4C53FF21300120008D5008 /* StandardSectionModel.swift in Sources */ = {isa = PBXBuildFile; fileRef = FD4C53822130011F008D5008 /* StandardSectionModel.swift */; };
		FD4C540021300120008D5008 /* GradientButton.swift in Sources */ = {isa = PBXBuildFile; fileRef = FD4C53832130011F008D5008 /* GradientButton.swift */; };
		FD4C540121300120008D5008 /* GradientView.swift in Sources */ = {isa = PBXBuildFile; fileRef = FD4C53842130011F008D5008 /* GradientView.swift */; };
		FD4C540221300120008D5008 /* StandardTableView.swift in Sources */ = {isa = PBXBuildFile; fileRef = FD4C53852130011F008D5008 /* StandardTableView.swift */; };
		FD4C540321300120008D5008 /* Deletable.swift in Sources */ = {isa = PBXBuildFile; fileRef = FD4C53862130011F008D5008 /* Deletable.swift */; };
		FD4C540421300120008D5008 /* Identificated.swift in Sources */ = {isa = PBXBuildFile; fileRef = FD4C53872130011F008D5008 /* Identificated.swift */; };
		FD4C540521300120008D5008 /* Named.swift in Sources */ = {isa = PBXBuildFile; fileRef = FD4C53882130011F008D5008 /* Named.swift */; };
		FD4C540621300120008D5008 /* AppDelegate.swift in Sources */ = {isa = PBXBuildFile; fileRef = FD4C538A21300120008D5008 /* AppDelegate.swift */; };
/* End PBXBuildFile section */

/* Begin PBXContainerItemProxy section */
		FD395E9A2110DB9200A0FBBF /* PBXContainerItemProxy */ = {
			isa = PBXContainerItemProxy;
			containerPortal = FD395E7D2110DB8E00A0FBBF /* Project object */;
			proxyType = 1;
			remoteGlobalIDString = FD395E842110DB8F00A0FBBF;
			remoteInfo = DRNear;
		};
/* End PBXContainerItemProxy section */

/* Begin PBXFileReference section */
		4C2870CE42C49DEA699E0DE1 /* TestExtensions.swift */ = {isa = PBXFileReference; fileEncoding = 4; lastKnownFileType = sourcecode.swift; path = TestExtensions.swift; sourceTree = "<group>"; };
		4C287484ADC3F373C2CF204A /* AuthorizationTests.swift */ = {isa = PBXFileReference; fileEncoding = 4; lastKnownFileType = sourcecode.swift; path = AuthorizationTests.swift; sourceTree = "<group>"; };
		4C2876ED262F9EFB6E8ACD9C /* MedCardTests.swift */ = {isa = PBXFileReference; fileEncoding = 4; lastKnownFileType = sourcecode.swift; path = MedCardTests.swift; sourceTree = "<group>"; };
		4C2878D9A4D3FA203745DBD1 /* SimpleObjectsTests.swift */ = {isa = PBXFileReference; fileEncoding = 4; lastKnownFileType = sourcecode.swift; path = SimpleObjectsTests.swift; sourceTree = "<group>"; };
		4C28798DE7F12D0439A07B13 /* IdentificationTests.swift */ = {isa = PBXFileReference; fileEncoding = 4; lastKnownFileType = sourcecode.swift; path = IdentificationTests.swift; sourceTree = "<group>"; };
		4C2879CBC781343E41611DD3 /* AppicationTests.swift */ = {isa = PBXFileReference; fileEncoding = 4; lastKnownFileType = sourcecode.swift; path = AppicationTests.swift; sourceTree = "<group>"; };
		5791B611C4A7E0E4D26F24D0 /* Pods-DRNearTests.release.xcconfig */ = {isa = PBXFileReference; includeInIndex = 1; lastKnownFileType = text.xcconfig; name = "Pods-DRNearTests.release.xcconfig"; path = "Pods/Target Support Files/Pods-DRNearTests/Pods-DRNearTests.release.xcconfig"; sourceTree = "<group>"; };
		5B2D3125280CCAAF198E21B9 /* Pods_DRNearTests.framework */ = {isa = PBXFileReference; explicitFileType = wrapper.framework; includeInIndex = 0; path = Pods_DRNearTests.framework; sourceTree = BUILT_PRODUCTS_DIR; };
		7F61520493534457F4BFE257 /* Pods_DRNear.framework */ = {isa = PBXFileReference; explicitFileType = wrapper.framework; includeInIndex = 0; path = Pods_DRNear.framework; sourceTree = BUILT_PRODUCTS_DIR; };
		BAD8ACF095812B2FA99920AC /* Pods-DRNearTests.debug.xcconfig */ = {isa = PBXFileReference; includeInIndex = 1; lastKnownFileType = text.xcconfig; name = "Pods-DRNearTests.debug.xcconfig"; path = "Pods/Target Support Files/Pods-DRNearTests/Pods-DRNearTests.debug.xcconfig"; sourceTree = "<group>"; };
		DA6D72D8ADEA9DE6E9C918B3 /* Pods-DRNear.release.xcconfig */ = {isa = PBXFileReference; includeInIndex = 1; lastKnownFileType = text.xcconfig; name = "Pods-DRNear.release.xcconfig"; path = "Pods/Target Support Files/Pods-DRNear/Pods-DRNear.release.xcconfig"; sourceTree = "<group>"; };
		E7514FDD637C6A7E54622E10 /* Pods-DRNear.debug.xcconfig */ = {isa = PBXFileReference; includeInIndex = 1; lastKnownFileType = text.xcconfig; name = "Pods-DRNear.debug.xcconfig"; path = "Pods/Target Support Files/Pods-DRNear/Pods-DRNear.debug.xcconfig"; sourceTree = "<group>"; };
		FD060C9D2119F2F400EF3C2B /* BadHabitsTests.swift */ = {isa = PBXFileReference; lastKnownFileType = sourcecode.swift; path = BadHabitsTests.swift; sourceTree = "<group>"; };
		FD395E852110DB8F00A0FBBF /* DRNear.app */ = {isa = PBXFileReference; explicitFileType = wrapper.application; includeInIndex = 0; path = DRNear.app; sourceTree = BUILT_PRODUCTS_DIR; };
		FD395E992110DB9200A0FBBF /* DRNearTests.xctest */ = {isa = PBXFileReference; explicitFileType = wrapper.cfbundle; includeInIndex = 0; path = DRNearTests.xctest; sourceTree = BUILT_PRODUCTS_DIR; };
		FD395E9F2110DB9200A0FBBF /* Info.plist */ = {isa = PBXFileReference; lastKnownFileType = text.plist.xml; path = Info.plist; sourceTree = "<group>"; };
		FD4C52F72130011E008D5008 /* SystemRelated.swift */ = {isa = PBXFileReference; fileEncoding = 4; lastKnownFileType = sourcecode.swift; path = SystemRelated.swift; sourceTree = "<group>"; };
		FD4C52F92130011E008D5008 /* DatedListPresentation.swift */ = {isa = PBXFileReference; fileEncoding = 4; lastKnownFileType = sourcecode.swift; path = DatedListPresentation.swift; sourceTree = "<group>"; };
		FD4C52FA2130011E008D5008 /* MedCardCollectionViewPresentation.swift */ = {isa = PBXFileReference; fileEncoding = 4; lastKnownFileType = sourcecode.swift; path = MedCardCollectionViewPresentation.swift; sourceTree = "<group>"; };
		FD4C52FC2130011E008D5008 /* AllObservableDiseasesFromAPI.swift */ = {isa = PBXFileReference; fileEncoding = 4; lastKnownFileType = sourcecode.swift; path = AllObservableDiseasesFromAPI.swift; sourceTree = "<group>"; };
		FD4C52FD2130011E008D5008 /* DiseasesUpdate.swift */ = {isa = PBXFileReference; fileEncoding = 4; lastKnownFileType = sourcecode.swift; path = DiseasesUpdate.swift; sourceTree = "<group>"; };
		FD4C52FE2130011E008D5008 /* MyObservableDiseasesFromAPI.swift */ = {isa = PBXFileReference; fileEncoding = 4; lastKnownFileType = sourcecode.swift; path = MyObservableDiseasesFromAPI.swift; sourceTree = "<group>"; };
		FD4C52FF2130011E008D5008 /* DiseaseFrom.swift */ = {isa = PBXFileReference; fileEncoding = 4; lastKnownFileType = sourcecode.swift; path = DiseaseFrom.swift; sourceTree = "<group>"; };
		FD4C53002130011E008D5008 /* SimpleDisease.swift */ = {isa = PBXFileReference; fileEncoding = 4; lastKnownFileType = sourcecode.swift; path = SimpleDisease.swift; sourceTree = "<group>"; };
		FD4C53012130011E008D5008 /* Diseases.swift */ = {isa = PBXFileReference; fileEncoding = 4; lastKnownFileType = sourcecode.swift; path = Diseases.swift; sourceTree = "<group>"; };
		FD4C53022130011E008D5008 /* Disease.swift */ = {isa = PBXFileReference; fileEncoding = 4; lastKnownFileType = sourcecode.swift; path = Disease.swift; sourceTree = "<group>"; };
		FD4C53032130011E008D5008 /* CommentedDisease.swift */ = {isa = PBXFileReference; fileEncoding = 4; lastKnownFileType = sourcecode.swift; path = CommentedDisease.swift; sourceTree = "<group>"; };
		FD4C53052130011E008D5008 /* SimpleVaccination.swift */ = {isa = PBXFileReference; fileEncoding = 4; lastKnownFileType = sourcecode.swift; path = SimpleVaccination.swift; sourceTree = "<group>"; };
		FD4C53062130011E008D5008 /* VaccinationUpdate.swift */ = {isa = PBXFileReference; fileEncoding = 4; lastKnownFileType = sourcecode.swift; path = VaccinationUpdate.swift; sourceTree = "<group>"; };
		FD4C53072130011E008D5008 /* Vaccinations.swift */ = {isa = PBXFileReference; fileEncoding = 4; lastKnownFileType = sourcecode.swift; path = Vaccinations.swift; sourceTree = "<group>"; };
		FD4C53082130011E008D5008 /* DateSelectionPresentation.swift */ = {isa = PBXFileReference; fileEncoding = 4; lastKnownFileType = sourcecode.swift; path = DateSelectionPresentation.swift; sourceTree = "<group>"; };
		FD4C53092130011E008D5008 /* MyObservableVaccinationsFromAPI.swift */ = {isa = PBXFileReference; fileEncoding = 4; lastKnownFileType = sourcecode.swift; path = MyObservableVaccinationsFromAPI.swift; sourceTree = "<group>"; };
		FD4C530A2130011E008D5008 /* AllObservableVaccinationsFromAPI.swift */ = {isa = PBXFileReference; fileEncoding = 4; lastKnownFileType = sourcecode.swift; path = AllObservableVaccinationsFromAPI.swift; sourceTree = "<group>"; };
		FD4C530B2130011E008D5008 /* DatedVaccination.swift */ = {isa = PBXFileReference; fileEncoding = 4; lastKnownFileType = sourcecode.swift; path = DatedVaccination.swift; sourceTree = "<group>"; };
		FD4C530C2130011E008D5008 /* Vaccination.swift */ = {isa = PBXFileReference; fileEncoding = 4; lastKnownFileType = sourcecode.swift; path = Vaccination.swift; sourceTree = "<group>"; };
		FD4C530D2130011E008D5008 /* VaccinationFrom.swift */ = {isa = PBXFileReference; fileEncoding = 4; lastKnownFileType = sourcecode.swift; path = VaccinationFrom.swift; sourceTree = "<group>"; };
		FD4C530F2130011E008D5008 /* Consultations.swift */ = {isa = PBXFileReference; fileEncoding = 4; lastKnownFileType = sourcecode.swift; path = Consultations.swift; sourceTree = "<group>"; };
		FD4C53102130011E008D5008 /* SimpleConsultation.swift */ = {isa = PBXFileReference; fileEncoding = 4; lastKnownFileType = sourcecode.swift; path = SimpleConsultation.swift; sourceTree = "<group>"; };
		FD4C53112130011E008D5008 /* MyObservableConsultationsFromAPI.swift */ = {isa = PBXFileReference; fileEncoding = 4; lastKnownFileType = sourcecode.swift; path = MyObservableConsultationsFromAPI.swift; sourceTree = "<group>"; };
		FD4C53122130011E008D5008 /* DatedDescribedCell.swift */ = {isa = PBXFileReference; fileEncoding = 4; lastKnownFileType = sourcecode.swift; path = DatedDescribedCell.swift; sourceTree = "<group>"; };
		FD4C53142130011E008D5008 /* MyObservableAnalysesFromAPI.swift */ = {isa = PBXFileReference; fileEncoding = 4; lastKnownFileType = sourcecode.swift; path = MyObservableAnalysesFromAPI.swift; sourceTree = "<group>"; };
		FD4C53162130011E008D5008 /* SimpleMedicalTest.swift */ = {isa = PBXFileReference; fileEncoding = 4; lastKnownFileType = sourcecode.swift; path = SimpleMedicalTest.swift; sourceTree = "<group>"; };
		FD4C53172130011E008D5008 /* File.swift */ = {isa = PBXFileReference; fileEncoding = 4; lastKnownFileType = sourcecode.swift; path = File.swift; sourceTree = "<group>"; };
		FD4C53182130011E008D5008 /* MedicalTests.swift */ = {isa = PBXFileReference; fileEncoding = 4; lastKnownFileType = sourcecode.swift; path = MedicalTests.swift; sourceTree = "<group>"; };
		FD4C531A2130011E008D5008 /* AllergiesUpdate.swift */ = {isa = PBXFileReference; fileEncoding = 4; lastKnownFileType = sourcecode.swift; path = AllergiesUpdate.swift; sourceTree = "<group>"; };
		FD4C531B2130011E008D5008 /* AllergyFrom.swift */ = {isa = PBXFileReference; fileEncoding = 4; lastKnownFileType = sourcecode.swift; path = AllergyFrom.swift; sourceTree = "<group>"; };
		FD4C531C2130011E008D5008 /* MyObservableAllergiesFromAPI.swift */ = {isa = PBXFileReference; fileEncoding = 4; lastKnownFileType = sourcecode.swift; path = MyObservableAllergiesFromAPI.swift; sourceTree = "<group>"; };
		FD4C531D2130011E008D5008 /* AllObservableAllergiesFromAPI.swift */ = {isa = PBXFileReference; fileEncoding = 4; lastKnownFileType = sourcecode.swift; path = AllObservableAllergiesFromAPI.swift; sourceTree = "<group>"; };
		FD4C531E2130011E008D5008 /* Allergy.swift */ = {isa = PBXFileReference; fileEncoding = 4; lastKnownFileType = sourcecode.swift; path = Allergy.swift; sourceTree = "<group>"; };
		FD4C531F2130011E008D5008 /* Allergies.swift */ = {isa = PBXFileReference; fileEncoding = 4; lastKnownFileType = sourcecode.swift; path = Allergies.swift; sourceTree = "<group>"; };
		FD4C53202130011E008D5008 /* ClarifiedAllergy.swift */ = {isa = PBXFileReference; fileEncoding = 4; lastKnownFileType = sourcecode.swift; path = ClarifiedAllergy.swift; sourceTree = "<group>"; };
		FD4C53222130011E008D5008 /* BadHabits.swift */ = {isa = PBXFileReference; fileEncoding = 4; lastKnownFileType = sourcecode.swift; path = BadHabits.swift; sourceTree = "<group>"; };
		FD4C53232130011E008D5008 /* MyBadHabitsPresentation.swift */ = {isa = PBXFileReference; fileEncoding = 4; lastKnownFileType = sourcecode.swift; path = MyBadHabitsPresentation.swift; sourceTree = "<group>"; };
		FD4C53242130011E008D5008 /* BadHabitFrom.swift */ = {isa = PBXFileReference; fileEncoding = 4; lastKnownFileType = sourcecode.swift; path = BadHabitFrom.swift; sourceTree = "<group>"; };
		FD4C53252130011E008D5008 /* MyObservableBadHabitsFromAPI.swift */ = {isa = PBXFileReference; fileEncoding = 4; lastKnownFileType = sourcecode.swift; path = MyObservableBadHabitsFromAPI.swift; sourceTree = "<group>"; };
		FD4C53262130011E008D5008 /* BadHabitTableViewCell.swift */ = {isa = PBXFileReference; fileEncoding = 4; lastKnownFileType = sourcecode.swift; path = BadHabitTableViewCell.swift; sourceTree = "<group>"; };
		FD4C53272130011E008D5008 /* SimleBadHabit.swift */ = {isa = PBXFileReference; fileEncoding = 4; lastKnownFileType = sourcecode.swift; path = SimleBadHabit.swift; sourceTree = "<group>"; };
		FD4C53292130011E008D5008 /* AllObservableBadHabitsFromAPI.swift */ = {isa = PBXFileReference; fileEncoding = 4; lastKnownFileType = sourcecode.swift; path = AllObservableBadHabitsFromAPI.swift; sourceTree = "<group>"; };
		FD4C532A2130011E008D5008 /* BadHabitsUpdate.swift */ = {isa = PBXFileReference; fileEncoding = 4; lastKnownFileType = sourcecode.swift; path = BadHabitsUpdate.swift; sourceTree = "<group>"; };
		FD4C532B2130011E008D5008 /* BadHabit.swift */ = {isa = PBXFileReference; fileEncoding = 4; lastKnownFileType = sourcecode.swift; path = BadHabit.swift; sourceTree = "<group>"; };
		FD4C532C2130011E008D5008 /* AllBadHabitsPresentation.swift */ = {isa = PBXFileReference; fileEncoding = 4; lastKnownFileType = sourcecode.swift; path = AllBadHabitsPresentation.swift; sourceTree = "<group>"; };
		FD4C532D2130011E008D5008 /* BadHabitsTableViewPresentation.swift */ = {isa = PBXFileReference; fileEncoding = 4; lastKnownFileType = sourcecode.swift; path = BadHabitsTableViewPresentation.swift; sourceTree = "<group>"; };
		FD4C532F2130011E008D5008 /* MedCardOptionFrom.swift */ = {isa = PBXFileReference; fileEncoding = 4; lastKnownFileType = sourcecode.swift; path = MedCardOptionFrom.swift; sourceTree = "<group>"; };
		FD4C53302130011E008D5008 /* ObservableMedCardOptions.swift */ = {isa = PBXFileReference; fileEncoding = 4; lastKnownFileType = sourcecode.swift; path = ObservableMedCardOptions.swift; sourceTree = "<group>"; };
		FD4C53312130011E008D5008 /* MedCardOptionCollectionViewCell.swift */ = {isa = PBXFileReference; fileEncoding = 4; lastKnownFileType = sourcecode.swift; path = MedCardOptionCollectionViewCell.swift; sourceTree = "<group>"; };
		FD4C53322130011E008D5008 /* MedCardOptionApplicableToCollectionViewCell.swift */ = {isa = PBXFileReference; fileEncoding = 4; lastKnownFileType = sourcecode.swift; path = MedCardOptionApplicableToCollectionViewCell.swift; sourceTree = "<group>"; };
		FD4C53332130011E008D5008 /* MedCardOption.swift */ = {isa = PBXFileReference; fileEncoding = 4; lastKnownFileType = sourcecode.swift; path = MedCardOption.swift; sourceTree = "<group>"; };
		FD4C53362130011E008D5008 /* NumberRegistrationPresentation.swift */ = {isa = PBXFileReference; fileEncoding = 4; lastKnownFileType = sourcecode.swift; path = NumberRegistrationPresentation.swift; sourceTree = "<group>"; };
		FD4C53372130011E008D5008 /* PincodeCreationPresentation.swift */ = {isa = PBXFileReference; fileEncoding = 4; lastKnownFileType = sourcecode.swift; path = PincodeCreationPresentation.swift; sourceTree = "<group>"; };
		FD4C53382130011E008D5008 /* NumberPad.swift */ = {isa = PBXFileReference; fileEncoding = 4; lastKnownFileType = sourcecode.swift; path = NumberPad.swift; sourceTree = "<group>"; };
		FD4C53392130011E008D5008 /* Registration.swift */ = {isa = PBXFileReference; fileEncoding = 4; lastKnownFileType = sourcecode.swift; path = Registration.swift; sourceTree = "<group>"; };
		FD4C533B2130011E008D5008 /* NumberConfirmationFromAPI.swift */ = {isa = PBXFileReference; fileEncoding = 4; lastKnownFileType = sourcecode.swift; path = NumberConfirmationFromAPI.swift; sourceTree = "<group>"; };
		FD4C533C2130011E008D5008 /* AccountCreationPresentation.swift */ = {isa = PBXFileReference; fileEncoding = 4; lastKnownFileType = sourcecode.swift; path = AccountCreationPresentation.swift; sourceTree = "<group>"; };
		FD4C533D2130011E008D5008 /* InAppAuthorization.swift */ = {isa = PBXFileReference; fileEncoding = 4; lastKnownFileType = sourcecode.swift; path = InAppAuthorization.swift; sourceTree = "<group>"; };
		FD4C533E2130011E008D5008 /* AccountCommitmentFromAPI.swift */ = {isa = PBXFileReference; fileEncoding = 4; lastKnownFileType = sourcecode.swift; path = AccountCommitmentFromAPI.swift; sourceTree = "<group>"; };
		FD4C533F2130011E008D5008 /* ApplicationSetup.swift */ = {isa = PBXFileReference; fileEncoding = 4; lastKnownFileType = sourcecode.swift; path = ApplicationSetup.swift; sourceTree = "<group>"; };
		FD4C53402130011E008D5008 /* NumberRegistrationFromAPI.swift */ = {isa = PBXFileReference; fileEncoding = 4; lastKnownFileType = sourcecode.swift; path = NumberRegistrationFromAPI.swift; sourceTree = "<group>"; };
		FD4C53412130011E008D5008 /* ConfirmNumberPresentation.swift */ = {isa = PBXFileReference; fileEncoding = 4; lastKnownFileType = sourcecode.swift; path = ConfirmNumberPresentation.swift; sourceTree = "<group>"; };
		FD4C53422130011E008D5008 /* SimpleCodeConfirmationPresentation.swift */ = {isa = PBXFileReference; fileEncoding = 4; lastKnownFileType = sourcecode.swift; path = SimpleCodeConfirmationPresentation.swift; sourceTree = "<group>"; };
		FD4C53432130011E008D5008 /* SimpleLoginPresentation.swift */ = {isa = PBXFileReference; fileEncoding = 4; lastKnownFileType = sourcecode.swift; path = SimpleLoginPresentation.swift; sourceTree = "<group>"; };
		FD4C53452130011E008D5008 /* SimpleAuthority.swift */ = {isa = PBXFileReference; fileEncoding = 4; lastKnownFileType = sourcecode.swift; path = SimpleAuthority.swift; sourceTree = "<group>"; };
		FD4C53472130011E008D5008 /* TokenFromString.swift */ = {isa = PBXFileReference; fileEncoding = 4; lastKnownFileType = sourcecode.swift; path = TokenFromString.swift; sourceTree = "<group>"; };
		FD4C53482130011E008D5008 /* Token.swift */ = {isa = PBXFileReference; fileEncoding = 4; lastKnownFileType = sourcecode.swift; path = Token.swift; sourceTree = "<group>"; };
		FD4C53492130011E008D5008 /* EmptyToken.swift */ = {isa = PBXFileReference; fileEncoding = 4; lastKnownFileType = sourcecode.swift; path = EmptyToken.swift; sourceTree = "<group>"; };
		FD4C534A2130011E008D5008 /* Authority.swift */ = {isa = PBXFileReference; fileEncoding = 4; lastKnownFileType = sourcecode.swift; path = Authority.swift; sourceTree = "<group>"; };
		FD4C534C2130011E008D5008 /* CredentialsFrom.swift */ = {isa = PBXFileReference; fileEncoding = 4; lastKnownFileType = sourcecode.swift; path = CredentialsFrom.swift; sourceTree = "<group>"; };
		FD4C534D2130011E008D5008 /* Credentials.swift */ = {isa = PBXFileReference; fileEncoding = 4; lastKnownFileType = sourcecode.swift; path = Credentials.swift; sourceTree = "<group>"; };
		FD4C534E2130011E008D5008 /* AuthorityFromAPI.swift */ = {isa = PBXFileReference; fileEncoding = 4; lastKnownFileType = sourcecode.swift; path = AuthorityFromAPI.swift; sourceTree = "<group>"; };
		FD4C53502130011E008D5008 /* UIView.swift */ = {isa = PBXFileReference; fileEncoding = 4; lastKnownFileType = sourcecode.swift; path = UIView.swift; sourceTree = "<group>"; };
		FD4C53522130011E008D5008 /* TPKeyboardAvoidingScrollView.h */ = {isa = PBXFileReference; fileEncoding = 4; lastKnownFileType = sourcecode.c.h; path = TPKeyboardAvoidingScrollView.h; sourceTree = "<group>"; };
		FD4C53532130011E008D5008 /* TPKeyboardAvoidingCollectionView.h */ = {isa = PBXFileReference; fileEncoding = 4; lastKnownFileType = sourcecode.c.h; path = TPKeyboardAvoidingCollectionView.h; sourceTree = "<group>"; };
		FD4C53542130011E008D5008 /* UIScrollView+TPKeyboardAvoidingAdditions.m */ = {isa = PBXFileReference; fileEncoding = 4; lastKnownFileType = sourcecode.c.objc; path = "UIScrollView+TPKeyboardAvoidingAdditions.m"; sourceTree = "<group>"; };
		FD4C53552130011E008D5008 /* TPKeyboardAvoidingTableView.m */ = {isa = PBXFileReference; fileEncoding = 4; lastKnownFileType = sourcecode.c.objc; path = TPKeyboardAvoidingTableView.m; sourceTree = "<group>"; };
		FD4C53562130011E008D5008 /* TPKeyboardAvoidingScrollView.m */ = {isa = PBXFileReference; fileEncoding = 4; lastKnownFileType = sourcecode.c.objc; path = TPKeyboardAvoidingScrollView.m; sourceTree = "<group>"; };
		FD4C53572130011E008D5008 /* UIScrollView+TPKeyboardAvoidingAdditions.h */ = {isa = PBXFileReference; fileEncoding = 4; lastKnownFileType = sourcecode.c.h; path = "UIScrollView+TPKeyboardAvoidingAdditions.h"; sourceTree = "<group>"; };
		FD4C53582130011E008D5008 /* TPKeyboardAvoidingCollectionView.m */ = {isa = PBXFileReference; fileEncoding = 4; lastKnownFileType = sourcecode.c.objc; path = TPKeyboardAvoidingCollectionView.m; sourceTree = "<group>"; };
		FD4C53592130011E008D5008 /* TPKeyboardAvoidingTableView.h */ = {isa = PBXFileReference; fileEncoding = 4; lastKnownFileType = sourcecode.c.h; path = TPKeyboardAvoidingTableView.h; sourceTree = "<group>"; };
		FD4C535A2130011E008D5008 /* UICollectionView.swift */ = {isa = PBXFileReference; fileEncoding = 4; lastKnownFileType = sourcecode.swift; path = UICollectionView.swift; sourceTree = "<group>"; };
		FD4C535B2130011E008D5008 /* UITableView.swift */ = {isa = PBXFileReference; fileEncoding = 4; lastKnownFileType = sourcecode.swift; path = UITableView.swift; sourceTree = "<group>"; };
		FD4C535C2130011E008D5008 /* Alamofire.swift */ = {isa = PBXFileReference; fileEncoding = 4; lastKnownFileType = sourcecode.swift; path = Alamofire.swift; sourceTree = "<group>"; };
		FD4C535D2130011E008D5008 /* UITextField.swift */ = {isa = PBXFileReference; fileEncoding = 4; lastKnownFileType = sourcecode.swift; path = UITextField.swift; sourceTree = "<group>"; };
		FD4C535E2130011E008D5008 /* UIButton.swift */ = {isa = PBXFileReference; fileEncoding = 4; lastKnownFileType = sourcecode.swift; path = UIButton.swift; sourceTree = "<group>"; };
		FD4C535F2130011E008D5008 /* UIImageView.swift */ = {isa = PBXFileReference; fileEncoding = 4; lastKnownFileType = sourcecode.swift; path = UIImageView.swift; sourceTree = "<group>"; };
		FD4C53602130011E008D5008 /* UILabel.swift */ = {isa = PBXFileReference; fileEncoding = 4; lastKnownFileType = sourcecode.swift; path = UILabel.swift; sourceTree = "<group>"; };
		FD4C53612130011E008D5008 /* UINavigationController.swift */ = {isa = PBXFileReference; fileEncoding = 4; lastKnownFileType = sourcecode.swift; path = UINavigationController.swift; sourceTree = "<group>"; };
		FD4C53622130011F008D5008 /* Assets.xcassets */ = {isa = PBXFileReference; lastKnownFileType = folder.assetcatalog; path = Assets.xcassets; sourceTree = "<group>"; };
		FD4C53642130011F008D5008 /* UIColor+Additions.swift */ = {isa = PBXFileReference; fileEncoding = 4; lastKnownFileType = sourcecode.swift; path = "UIColor+Additions.swift"; sourceTree = "<group>"; };
		FD4C53652130011F008D5008 /* UIFont+Additions.swift */ = {isa = PBXFileReference; fileEncoding = 4; lastKnownFileType = sourcecode.swift; path = "UIFont+Additions.swift"; sourceTree = "<group>"; };
		FD4C53672130011F008D5008 /* FiraSans-Medium.ttf */ = {isa = PBXFileReference; lastKnownFileType = file; path = "FiraSans-Medium.ttf"; sourceTree = "<group>"; };
		FD4C53682130011F008D5008 /* FiraSans-Bold.ttf */ = {isa = PBXFileReference; lastKnownFileType = file; path = "FiraSans-Bold.ttf"; sourceTree = "<group>"; };
		FD4C53692130011F008D5008 /* FiraSans-Regular.ttf */ = {isa = PBXFileReference; lastKnownFileType = file; path = "FiraSans-Regular.ttf"; sourceTree = "<group>"; };
		FD4C536A2130011F008D5008 /* Info.plist */ = {isa = PBXFileReference; fileEncoding = 4; lastKnownFileType = text.plist.xml; path = Info.plist; sourceTree = "<group>"; };
		FD4C536C2130011F008D5008 /* ContainingImage.swift */ = {isa = PBXFileReference; fileEncoding = 4; lastKnownFileType = sourcecode.swift; path = ContainingImage.swift; sourceTree = "<group>"; };
		FD4C536D2130011F008D5008 /* ViewController.swift */ = {isa = PBXFileReference; fileEncoding = 4; lastKnownFileType = sourcecode.swift; path = ViewController.swift; sourceTree = "<group>"; };
		FD4C536E2130011F008D5008 /* Applicable.swift */ = {isa = PBXFileReference; fileEncoding = 4; lastKnownFileType = sourcecode.swift; path = Applicable.swift; sourceTree = "<group>"; };
		FD4C536F2130011F008D5008 /* Update.swift */ = {isa = PBXFileReference; fileEncoding = 4; lastKnownFileType = sourcecode.swift; path = Update.swift; sourceTree = "<group>"; };
		FD4C53702130011F008D5008 /* Refreshable.swift */ = {isa = PBXFileReference; fileEncoding = 4; lastKnownFileType = sourcecode.swift; path = Refreshable.swift; sourceTree = "<group>"; };
		FD4C53712130011F008D5008 /* Dated.swift */ = {isa = PBXFileReference; fileEncoding = 4; lastKnownFileType = sourcecode.swift; path = Dated.swift; sourceTree = "<group>"; };
		FD4C53722130011F008D5008 /* EmtyObservableImage.swift */ = {isa = PBXFileReference; fileEncoding = 4; lastKnownFileType = sourcecode.swift; path = EmtyObservableImage.swift; sourceTree = "<group>"; };
		FD4C53732130011F008D5008 /* Presentation.swift */ = {isa = PBXFileReference; fileEncoding = 4; lastKnownFileType = sourcecode.swift; path = Presentation.swift; sourceTree = "<group>"; };
		FD4C53742130011F008D5008 /* Editable.swift */ = {isa = PBXFileReference; fileEncoding = 4; lastKnownFileType = sourcecode.swift; path = Editable.swift; sourceTree = "<group>"; };
		FD4C53752130011F008D5008 /* DeletionPresentation.swift */ = {isa = PBXFileReference; fileEncoding = 4; lastKnownFileType = sourcecode.swift; path = DeletionPresentation.swift; sourceTree = "<group>"; };
		FD4C53772130011F008D5008 /* Interactive.swift */ = {isa = PBXFileReference; fileEncoding = 4; lastKnownFileType = sourcecode.swift; path = Interactive.swift; sourceTree = "<group>"; };
		FD4C53782130011F008D5008 /* Descripted.swift */ = {isa = PBXFileReference; fileEncoding = 4; lastKnownFileType = sourcecode.swift; path = Descripted.swift; sourceTree = "<group>"; };
		FD4C53792130011F008D5008 /* Request.swift */ = {isa = PBXFileReference; fileEncoding = 4; lastKnownFileType = sourcecode.swift; path = Request.swift; sourceTree = "<group>"; };
		FD4C537A2130011F008D5008 /* Selectable.swift */ = {isa = PBXFileReference; fileEncoding = 4; lastKnownFileType = sourcecode.swift; path = Selectable.swift; sourceTree = "<group>"; };
		FD4C537B2130011F008D5008 /* ObservableImage.swift */ = {isa = PBXFileReference; fileEncoding = 4; lastKnownFileType = sourcecode.swift; path = ObservableImage.swift; sourceTree = "<group>"; };
		FD4C537D2130011F008D5008 /* TransitionSource.swift */ = {isa = PBXFileReference; fileEncoding = 4; lastKnownFileType = sourcecode.swift; path = TransitionSource.swift; sourceTree = "<group>"; };
		FD4C537E2130011F008D5008 /* ErrorAlertTransition.swift */ = {isa = PBXFileReference; fileEncoding = 4; lastKnownFileType = sourcecode.swift; path = ErrorAlertTransition.swift; sourceTree = "<group>"; };
		FD4C537F2130011F008D5008 /* Transition.swift */ = {isa = PBXFileReference; fileEncoding = 4; lastKnownFileType = sourcecode.swift; path = Transition.swift; sourceTree = "<group>"; };
		FD4C53812130011F008D5008 /* SimpleNavigationBar.swift */ = {isa = PBXFileReference; fileEncoding = 4; lastKnownFileType = sourcecode.swift; path = SimpleNavigationBar.swift; sourceTree = "<group>"; };
		FD4C53822130011F008D5008 /* StandardSectionModel.swift */ = {isa = PBXFileReference; fileEncoding = 4; lastKnownFileType = sourcecode.swift; path = StandardSectionModel.swift; sourceTree = "<group>"; };
		FD4C53832130011F008D5008 /* GradientButton.swift */ = {isa = PBXFileReference; fileEncoding = 4; lastKnownFileType = sourcecode.swift; path = GradientButton.swift; sourceTree = "<group>"; };
		FD4C53842130011F008D5008 /* GradientView.swift */ = {isa = PBXFileReference; fileEncoding = 4; lastKnownFileType = sourcecode.swift; path = GradientView.swift; sourceTree = "<group>"; };
		FD4C53852130011F008D5008 /* StandardTableView.swift */ = {isa = PBXFileReference; fileEncoding = 4; lastKnownFileType = sourcecode.swift; path = StandardTableView.swift; sourceTree = "<group>"; };
		FD4C53862130011F008D5008 /* Deletable.swift */ = {isa = PBXFileReference; fileEncoding = 4; lastKnownFileType = sourcecode.swift; path = Deletable.swift; sourceTree = "<group>"; };
		FD4C53872130011F008D5008 /* Identificated.swift */ = {isa = PBXFileReference; fileEncoding = 4; lastKnownFileType = sourcecode.swift; path = Identificated.swift; sourceTree = "<group>"; };
		FD4C53882130011F008D5008 /* Named.swift */ = {isa = PBXFileReference; fileEncoding = 4; lastKnownFileType = sourcecode.swift; path = Named.swift; sourceTree = "<group>"; };
		FD4C538921300120008D5008 /* DRNear-Bridging-Header.h */ = {isa = PBXFileReference; fileEncoding = 4; lastKnownFileType = sourcecode.c.h; path = "DRNear-Bridging-Header.h"; sourceTree = "<group>"; };
		FD4C538A21300120008D5008 /* AppDelegate.swift */ = {isa = PBXFileReference; fileEncoding = 4; lastKnownFileType = sourcecode.swift; path = AppDelegate.swift; sourceTree = "<group>"; };
/* End PBXFileReference section */

/* Begin PBXFrameworksBuildPhase section */
		FD395E822110DB8F00A0FBBF /* Frameworks */ = {
			isa = PBXFrameworksBuildPhase;
			buildActionMask = 2147483647;
			files = (
				6FA8E9FC14F632BDE7948806 /* Pods_DRNear.framework in Frameworks */,
			);
			runOnlyForDeploymentPostprocessing = 0;
		};
		FD395E962110DB9200A0FBBF /* Frameworks */ = {
			isa = PBXFrameworksBuildPhase;
			buildActionMask = 2147483647;
			files = (
				29BA871AF238F7300ED0A149 /* Pods_DRNearTests.framework in Frameworks */,
			);
			runOnlyForDeploymentPostprocessing = 0;
		};
/* End PBXFrameworksBuildPhase section */

/* Begin PBXGroup section */
		24D16B3553A11047E2E76A52 /* Pods */ = {
			isa = PBXGroup;
			children = (
				E7514FDD637C6A7E54622E10 /* Pods-DRNear.debug.xcconfig */,
				DA6D72D8ADEA9DE6E9C918B3 /* Pods-DRNear.release.xcconfig */,
				BAD8ACF095812B2FA99920AC /* Pods-DRNearTests.debug.xcconfig */,
				5791B611C4A7E0E4D26F24D0 /* Pods-DRNearTests.release.xcconfig */,
			);
			name = Pods;
			sourceTree = "<group>";
		};
		5BFB27D46C4DD786377BB999 /* Frameworks */ = {
			isa = PBXGroup;
			children = (
				7F61520493534457F4BFE257 /* Pods_DRNear.framework */,
				5B2D3125280CCAAF198E21B9 /* Pods_DRNearTests.framework */,
			);
			name = Frameworks;
			sourceTree = "<group>";
		};
		FD395E7C2110DB8E00A0FBBF = {
			isa = PBXGroup;
			children = (
				FD395E872110DB8F00A0FBBF /* DRNear */,
				FD395E9C2110DB9200A0FBBF /* DRNearTests */,
				FD395E862110DB8F00A0FBBF /* Products */,
				24D16B3553A11047E2E76A52 /* Pods */,
				5BFB27D46C4DD786377BB999 /* Frameworks */,
			);
			sourceTree = "<group>";
		};
		FD395E862110DB8F00A0FBBF /* Products */ = {
			isa = PBXGroup;
			children = (
				FD395E852110DB8F00A0FBBF /* DRNear.app */,
				FD395E992110DB9200A0FBBF /* DRNearTests.xctest */,
			);
			name = Products;
			sourceTree = "<group>";
		};
		FD395E872110DB8F00A0FBBF /* DRNear */ = {
			isa = PBXGroup;
			children = (
				FD4C538A21300120008D5008 /* AppDelegate.swift */,
				FD4C53622130011F008D5008 /* Assets.xcassets */,
				FD4C536B2130011F008D5008 /* BaseConcepts */,
				FD4C52F62130011E008D5008 /* DomainConcepts */,
				FD4C538921300120008D5008 /* DRNear-Bridging-Header.h */,
				FD4C534F2130011E008D5008 /* Extensions */,
				FD4C536A2130011F008D5008 /* Info.plist */,
				FD4C53632130011F008D5008 /* Styles */,
			);
			path = DRNear;
			sourceTree = "<group>";
		};
		FD395E9C2110DB9200A0FBBF /* DRNearTests */ = {
			isa = PBXGroup;
			children = (
				FD395E9F2110DB9200A0FBBF /* Info.plist */,
				4C287484ADC3F373C2CF204A /* AuthorizationTests.swift */,
				4C2876ED262F9EFB6E8ACD9C /* MedCardTests.swift */,
				FD060C9D2119F2F400EF3C2B /* BadHabitsTests.swift */,
				4C2870CE42C49DEA699E0DE1 /* TestExtensions.swift */,
				4C28798DE7F12D0439A07B13 /* IdentificationTests.swift */,
				4C2878D9A4D3FA203745DBD1 /* SimpleObjectsTests.swift */,
				4C2879CBC781343E41611DD3 /* AppicationTests.swift */,
			);
			path = DRNearTests;
			sourceTree = "<group>";
		};
		FD4C52F62130011E008D5008 /* DomainConcepts */ = {
			isa = PBXGroup;
			children = (
				FD4C52F72130011E008D5008 /* SystemRelated.swift */,
				FD4C52F82130011E008D5008 /* MedCard */,
				FD4C53342130011E008D5008 /* Authorization */,
			);
			path = DomainConcepts;
			sourceTree = "<group>";
		};
		FD4C52F82130011E008D5008 /* MedCard */ = {
			isa = PBXGroup;
			children = (
				FD4C52F92130011E008D5008 /* DatedListPresentation.swift */,
				FD4C52FA2130011E008D5008 /* MedCardCollectionViewPresentation.swift */,
				FD4C52FB2130011E008D5008 /* Diseases */,
				FD4C53042130011E008D5008 /* Vaccination */,
				FD4C530E2130011E008D5008 /* Consultations */,
				FD4C53122130011E008D5008 /* DatedDescribedCell.swift */,
				FD4C53132130011E008D5008 /* Analyses */,
				FD4C53192130011E008D5008 /* Allergies */,
				FD4C53212130011E008D5008 /* BadHabits */,
				FD4C532E2130011E008D5008 /* MedCardOption */,
			);
			path = MedCard;
			sourceTree = "<group>";
		};
		FD4C52FB2130011E008D5008 /* Diseases */ = {
			isa = PBXGroup;
			children = (
				FD4C52FC2130011E008D5008 /* AllObservableDiseasesFromAPI.swift */,
				FD4C52FD2130011E008D5008 /* DiseasesUpdate.swift */,
				FD4C52FE2130011E008D5008 /* MyObservableDiseasesFromAPI.swift */,
				FD4C52FF2130011E008D5008 /* DiseaseFrom.swift */,
				FD4C53002130011E008D5008 /* SimpleDisease.swift */,
				FD4C53012130011E008D5008 /* Diseases.swift */,
				FD4C53022130011E008D5008 /* Disease.swift */,
				FD4C53032130011E008D5008 /* CommentedDisease.swift */,
			);
			path = Diseases;
			sourceTree = "<group>";
		};
		FD4C53042130011E008D5008 /* Vaccination */ = {
			isa = PBXGroup;
			children = (
				FD4C53052130011E008D5008 /* SimpleVaccination.swift */,
				FD4C53062130011E008D5008 /* VaccinationUpdate.swift */,
				FD4C53072130011E008D5008 /* Vaccinations.swift */,
				FD4C53082130011E008D5008 /* DateSelectionPresentation.swift */,
				FD4C53092130011E008D5008 /* MyObservableVaccinationsFromAPI.swift */,
				FD4C530A2130011E008D5008 /* AllObservableVaccinationsFromAPI.swift */,
				FD4C530B2130011E008D5008 /* DatedVaccination.swift */,
				FD4C530C2130011E008D5008 /* Vaccination.swift */,
				FD4C530D2130011E008D5008 /* VaccinationFrom.swift */,
			);
			path = Vaccination;
			sourceTree = "<group>";
		};
		FD4C530E2130011E008D5008 /* Consultations */ = {
			isa = PBXGroup;
			children = (
				FD4C530F2130011E008D5008 /* Consultations.swift */,
				FD4C53102130011E008D5008 /* SimpleConsultation.swift */,
				FD4C53112130011E008D5008 /* MyObservableConsultationsFromAPI.swift */,
			);
			path = Consultations;
			sourceTree = "<group>";
		};
		FD4C53132130011E008D5008 /* Analyses */ = {
			isa = PBXGroup;
			children = (
				FD4C53142130011E008D5008 /* MyObservableAnalysesFromAPI.swift */,
				FD4C53162130011E008D5008 /* SimpleMedicalTest.swift */,
				FD4C53172130011E008D5008 /* File.swift */,
				FD4C53182130011E008D5008 /* MedicalTests.swift */,
			);
			path = Analyses;
			sourceTree = "<group>";
		};
		FD4C53192130011E008D5008 /* Allergies */ = {
			isa = PBXGroup;
			children = (
				FD4C531A2130011E008D5008 /* AllergiesUpdate.swift */,
				FD4C531B2130011E008D5008 /* AllergyFrom.swift */,
				FD4C531C2130011E008D5008 /* MyObservableAllergiesFromAPI.swift */,
				FD4C531D2130011E008D5008 /* AllObservableAllergiesFromAPI.swift */,
				FD4C531E2130011E008D5008 /* Allergy.swift */,
				FD4C531F2130011E008D5008 /* Allergies.swift */,
				FD4C53202130011E008D5008 /* ClarifiedAllergy.swift */,
			);
			path = Allergies;
			sourceTree = "<group>";
		};
		FD4C53212130011E008D5008 /* BadHabits */ = {
			isa = PBXGroup;
			children = (
				FD4C53222130011E008D5008 /* BadHabits.swift */,
				FD4C53232130011E008D5008 /* MyBadHabitsPresentation.swift */,
				FD4C53242130011E008D5008 /* BadHabitFrom.swift */,
				FD4C53252130011E008D5008 /* MyObservableBadHabitsFromAPI.swift */,
				FD4C53262130011E008D5008 /* BadHabitTableViewCell.swift */,
				FD4C53272130011E008D5008 /* SimleBadHabit.swift */,
				FD4C53292130011E008D5008 /* AllObservableBadHabitsFromAPI.swift */,
				FD4C532A2130011E008D5008 /* BadHabitsUpdate.swift */,
				FD4C532B2130011E008D5008 /* BadHabit.swift */,
				FD4C532C2130011E008D5008 /* AllBadHabitsPresentation.swift */,
				FD4C532D2130011E008D5008 /* BadHabitsTableViewPresentation.swift */,
			);
			path = BadHabits;
			sourceTree = "<group>";
		};
		FD4C532E2130011E008D5008 /* MedCardOption */ = {
			isa = PBXGroup;
			children = (
				FD4C532F2130011E008D5008 /* MedCardOptionFrom.swift */,
				FD4C53302130011E008D5008 /* ObservableMedCardOptions.swift */,
				FD4C53312130011E008D5008 /* MedCardOptionCollectionViewCell.swift */,
				FD4C53322130011E008D5008 /* MedCardOptionApplicableToCollectionViewCell.swift */,
				FD4C53332130011E008D5008 /* MedCardOption.swift */,
			);
			path = MedCardOption;
			sourceTree = "<group>";
		};
		FD4C53342130011E008D5008 /* Authorization */ = {
			isa = PBXGroup;
			children = (
				FD4C53352130011E008D5008 /* Registration */,
				FD4C53422130011E008D5008 /* SimpleCodeConfirmationPresentation.swift */,
				FD4C53432130011E008D5008 /* SimpleLoginPresentation.swift */,
				FD4C53442130011E008D5008 /* Authority */,
			);
			path = Authorization;
			sourceTree = "<group>";
		};
		FD4C53352130011E008D5008 /* Registration */ = {
			isa = PBXGroup;
			children = (
				FD4C53362130011E008D5008 /* NumberRegistrationPresentation.swift */,
				FD4C53372130011E008D5008 /* PincodeCreationPresentation.swift */,
				FD4C53382130011E008D5008 /* NumberPad.swift */,
				FD4C53392130011E008D5008 /* Registration.swift */,
				FD4C533A2130011E008D5008 /* Steps */,
			);
			path = Registration;
			sourceTree = "<group>";
		};
		FD4C533A2130011E008D5008 /* Steps */ = {
			isa = PBXGroup;
			children = (
				FD4C533B2130011E008D5008 /* NumberConfirmationFromAPI.swift */,
				FD4C533C2130011E008D5008 /* AccountCreationPresentation.swift */,
				FD4C533D2130011E008D5008 /* InAppAuthorization.swift */,
				FD4C533E2130011E008D5008 /* AccountCommitmentFromAPI.swift */,
				FD4C533F2130011E008D5008 /* ApplicationSetup.swift */,
				FD4C53402130011E008D5008 /* NumberRegistrationFromAPI.swift */,
				FD4C53412130011E008D5008 /* ConfirmNumberPresentation.swift */,
			);
			path = Steps;
			sourceTree = "<group>";
		};
		FD4C53442130011E008D5008 /* Authority */ = {
			isa = PBXGroup;
			children = (
				FD4C53452130011E008D5008 /* SimpleAuthority.swift */,
				FD4C53462130011E008D5008 /* Token */,
				FD4C534A2130011E008D5008 /* Authority.swift */,
				FD4C534B2130011E008D5008 /* Credentials */,
				FD4C534E2130011E008D5008 /* AuthorityFromAPI.swift */,
			);
			path = Authority;
			sourceTree = "<group>";
		};
		FD4C53462130011E008D5008 /* Token */ = {
			isa = PBXGroup;
			children = (
				FD4C53472130011E008D5008 /* TokenFromString.swift */,
				FD4C53482130011E008D5008 /* Token.swift */,
				FD4C53492130011E008D5008 /* EmptyToken.swift */,
			);
			path = Token;
			sourceTree = "<group>";
		};
		FD4C534B2130011E008D5008 /* Credentials */ = {
			isa = PBXGroup;
			children = (
				FD4C534C2130011E008D5008 /* CredentialsFrom.swift */,
				FD4C534D2130011E008D5008 /* Credentials.swift */,
			);
			path = Credentials;
			sourceTree = "<group>";
		};
		FD4C534F2130011E008D5008 /* Extensions */ = {
			isa = PBXGroup;
			children = (
				FD4C53502130011E008D5008 /* UIView.swift */,
				FD4C53512130011E008D5008 /* TPKeyboardAvoiding */,
				FD4C535A2130011E008D5008 /* UICollectionView.swift */,
				FD4C535B2130011E008D5008 /* UITableView.swift */,
				FD4C535C2130011E008D5008 /* Alamofire.swift */,
				FD4C535D2130011E008D5008 /* UITextField.swift */,
				FD4C535E2130011E008D5008 /* UIButton.swift */,
				FD4C535F2130011E008D5008 /* UIImageView.swift */,
				FD4C53602130011E008D5008 /* UILabel.swift */,
				FD4C53612130011E008D5008 /* UINavigationController.swift */,
			);
			path = Extensions;
			sourceTree = "<group>";
		};
		FD4C53512130011E008D5008 /* TPKeyboardAvoiding */ = {
			isa = PBXGroup;
			children = (
				FD4C53522130011E008D5008 /* TPKeyboardAvoidingScrollView.h */,
				FD4C53532130011E008D5008 /* TPKeyboardAvoidingCollectionView.h */,
				FD4C53542130011E008D5008 /* UIScrollView+TPKeyboardAvoidingAdditions.m */,
				FD4C53552130011E008D5008 /* TPKeyboardAvoidingTableView.m */,
				FD4C53562130011E008D5008 /* TPKeyboardAvoidingScrollView.m */,
				FD4C53572130011E008D5008 /* UIScrollView+TPKeyboardAvoidingAdditions.h */,
				FD4C53582130011E008D5008 /* TPKeyboardAvoidingCollectionView.m */,
				FD4C53592130011E008D5008 /* TPKeyboardAvoidingTableView.h */,
			);
			path = TPKeyboardAvoiding;
			sourceTree = "<group>";
		};
		FD4C53632130011F008D5008 /* Styles */ = {
			isa = PBXGroup;
			children = (
				FD4C53642130011F008D5008 /* UIColor+Additions.swift */,
				FD4C53652130011F008D5008 /* UIFont+Additions.swift */,
				FD4C53662130011F008D5008 /* Fonts */,
			);
			path = Styles;
			sourceTree = "<group>";
		};
		FD4C53662130011F008D5008 /* Fonts */ = {
			isa = PBXGroup;
			children = (
				FD4C53672130011F008D5008 /* FiraSans-Medium.ttf */,
				FD4C53682130011F008D5008 /* FiraSans-Bold.ttf */,
				FD4C53692130011F008D5008 /* FiraSans-Regular.ttf */,
			);
			path = Fonts;
			sourceTree = "<group>";
		};
		FD4C536B2130011F008D5008 /* BaseConcepts */ = {
			isa = PBXGroup;
			children = (
				FD4C536C2130011F008D5008 /* ContainingImage.swift */,
				FD4C536D2130011F008D5008 /* ViewController.swift */,
				FD4C536E2130011F008D5008 /* Applicable.swift */,
				FD4C536F2130011F008D5008 /* Update.swift */,
				FD4C53702130011F008D5008 /* Refreshable.swift */,
				FD4C53712130011F008D5008 /* Dated.swift */,
				FD4C53722130011F008D5008 /* EmtyObservableImage.swift */,
				FD4C53732130011F008D5008 /* Presentation.swift */,
				FD4C53742130011F008D5008 /* Editable.swift */,
				FD4C53752130011F008D5008 /* DeletionPresentation.swift */,
				FD4C53772130011F008D5008 /* Interactive.swift */,
				FD4C53782130011F008D5008 /* Descripted.swift */,
				FD4C53792130011F008D5008 /* Request.swift */,
				FD4C537A2130011F008D5008 /* Selectable.swift */,
				FD4C537B2130011F008D5008 /* ObservableImage.swift */,
				FD4C537C2130011F008D5008 /* Transitions */,
				FD4C53802130011F008D5008 /* Views */,
				FD4C53862130011F008D5008 /* Deletable.swift */,
				FD4C53872130011F008D5008 /* Identificated.swift */,
				FD4C53882130011F008D5008 /* Named.swift */,
			);
			path = BaseConcepts;
			sourceTree = "<group>";
		};
		FD4C537C2130011F008D5008 /* Transitions */ = {
			isa = PBXGroup;
			children = (
				FD4C537D2130011F008D5008 /* TransitionSource.swift */,
				FD4C537E2130011F008D5008 /* ErrorAlertTransition.swift */,
				FD4C537F2130011F008D5008 /* Transition.swift */,
			);
			path = Transitions;
			sourceTree = "<group>";
		};
		FD4C53802130011F008D5008 /* Views */ = {
			isa = PBXGroup;
			children = (
				FD4C53812130011F008D5008 /* SimpleNavigationBar.swift */,
				FD4C53822130011F008D5008 /* StandardSectionModel.swift */,
				FD4C53832130011F008D5008 /* GradientButton.swift */,
				FD4C53842130011F008D5008 /* GradientView.swift */,
				FD4C53852130011F008D5008 /* StandardTableView.swift */,
			);
			path = Views;
			sourceTree = "<group>";
		};
/* End PBXGroup section */

/* Begin PBXNativeTarget section */
		FD395E842110DB8F00A0FBBF /* DRNear */ = {
			isa = PBXNativeTarget;
			buildConfigurationList = FD395EA22110DB9200A0FBBF /* Build configuration list for PBXNativeTarget "DRNear" */;
			buildPhases = (
				D2F0CC5019EE5C2FD3425D12 /* [CP] Check Pods Manifest.lock */,
				FD395E812110DB8F00A0FBBF /* Sources */,
				FD395E822110DB8F00A0FBBF /* Frameworks */,
				FD395E832110DB8F00A0FBBF /* Resources */,
				EECD39C37078C979CDF124BA /* [CP] Embed Pods Frameworks */,
				FD3460B921136A7C007B0943 /* ShellScript */,
			);
			buildRules = (
			);
			dependencies = (
			);
			name = DRNear;
			productName = DRNear;
			productReference = FD395E852110DB8F00A0FBBF /* DRNear.app */;
			productType = "com.apple.product-type.application";
		};
		FD395E982110DB9200A0FBBF /* DRNearTests */ = {
			isa = PBXNativeTarget;
			buildConfigurationList = FD395EA52110DB9200A0FBBF /* Build configuration list for PBXNativeTarget "DRNearTests" */;
			buildPhases = (
				4E078FA97AC871FADE6BCD58 /* [CP] Check Pods Manifest.lock */,
				FD395E952110DB9200A0FBBF /* Sources */,
				FD395E962110DB9200A0FBBF /* Frameworks */,
				FD395E972110DB9200A0FBBF /* Resources */,
				A0EC4F731CED7504C22C8E8A /* [CP] Embed Pods Frameworks */,
			);
			buildRules = (
			);
			dependencies = (
				FD395E9B2110DB9200A0FBBF /* PBXTargetDependency */,
			);
			name = DRNearTests;
			productName = DRNearTests;
			productReference = FD395E992110DB9200A0FBBF /* DRNearTests.xctest */;
			productType = "com.apple.product-type.bundle.unit-test";
		};
/* End PBXNativeTarget section */

/* Begin PBXProject section */
		FD395E7D2110DB8E00A0FBBF /* Project object */ = {
			isa = PBXProject;
			attributes = {
				LastSwiftUpdateCheck = 0940;
				LastUpgradeCheck = 0940;
				ORGANIZATIONNAME = Shlesberg;
				TargetAttributes = {
					FD395E842110DB8F00A0FBBF = {
						CreatedOnToolsVersion = 9.4.1;
					};
					FD395E982110DB9200A0FBBF = {
						CreatedOnToolsVersion = 9.4.1;
						TestTargetID = FD395E842110DB8F00A0FBBF;
					};
				};
			};
			buildConfigurationList = FD395E802110DB8E00A0FBBF /* Build configuration list for PBXProject "DRNear" */;
			compatibilityVersion = "Xcode 9.3";
			developmentRegion = en;
			hasScannedForEncodings = 0;
			knownRegions = (
				en,
				Base,
			);
			mainGroup = FD395E7C2110DB8E00A0FBBF;
			productRefGroup = FD395E862110DB8F00A0FBBF /* Products */;
			projectDirPath = "";
			projectRoot = "";
			targets = (
				FD395E842110DB8F00A0FBBF /* DRNear */,
				FD395E982110DB9200A0FBBF /* DRNearTests */,
			);
		};
/* End PBXProject section */

/* Begin PBXResourcesBuildPhase section */
		FD395E832110DB8F00A0FBBF /* Resources */ = {
			isa = PBXResourcesBuildPhase;
			buildActionMask = 2147483647;
			files = (
				FD4C53EA21300120008D5008 /* Info.plist in Resources */,
				FD4C53E721300120008D5008 /* FiraSans-Medium.ttf in Resources */,
				FD4C53E821300120008D5008 /* FiraSans-Bold.ttf in Resources */,
				FD4C53E921300120008D5008 /* FiraSans-Regular.ttf in Resources */,
				FD4C53E421300120008D5008 /* Assets.xcassets in Resources */,
			);
			runOnlyForDeploymentPostprocessing = 0;
		};
		FD395E972110DB9200A0FBBF /* Resources */ = {
			isa = PBXResourcesBuildPhase;
			buildActionMask = 2147483647;
			files = (
			);
			runOnlyForDeploymentPostprocessing = 0;
		};
/* End PBXResourcesBuildPhase section */

/* Begin PBXShellScriptBuildPhase section */
		4E078FA97AC871FADE6BCD58 /* [CP] Check Pods Manifest.lock */ = {
			isa = PBXShellScriptBuildPhase;
			buildActionMask = 2147483647;
			files = (
			);
			inputPaths = (
				"${PODS_PODFILE_DIR_PATH}/Podfile.lock",
				"${PODS_ROOT}/Manifest.lock",
			);
			name = "[CP] Check Pods Manifest.lock";
			outputPaths = (
				"$(DERIVED_FILE_DIR)/Pods-DRNearTests-checkManifestLockResult.txt",
			);
			runOnlyForDeploymentPostprocessing = 0;
			shellPath = /bin/sh;
			shellScript = "diff \"${PODS_PODFILE_DIR_PATH}/Podfile.lock\" \"${PODS_ROOT}/Manifest.lock\" > /dev/null\nif [ $? != 0 ] ; then\n    # print error to STDERR\n    echo \"error: The sandbox is not in sync with the Podfile.lock. Run 'pod install' or update your CocoaPods installation.\" >&2\n    exit 1\nfi\n# This output is used by Xcode 'outputs' to avoid re-running this script phase.\necho \"SUCCESS\" > \"${SCRIPT_OUTPUT_FILE_0}\"\n";
			showEnvVarsInLog = 0;
		};
		A0EC4F731CED7504C22C8E8A /* [CP] Embed Pods Frameworks */ = {
			isa = PBXShellScriptBuildPhase;
			buildActionMask = 2147483647;
			files = (
			);
			inputPaths = (
				"${SRCROOT}/Pods/Target Support Files/Pods-DRNearTests/Pods-DRNearTests-frameworks.sh",
				"${BUILT_PRODUCTS_DIR}/RxSwift/RxSwift.framework",
				"${BUILT_PRODUCTS_DIR}/Nimble/Nimble.framework",
				"${BUILT_PRODUCTS_DIR}/Quick/Quick.framework",
				"${BUILT_PRODUCTS_DIR}/RxBlocking/RxBlocking.framework",
				"${BUILT_PRODUCTS_DIR}/RxTest/RxTest.framework",
			);
			name = "[CP] Embed Pods Frameworks";
			outputPaths = (
				"${TARGET_BUILD_DIR}/${FRAMEWORKS_FOLDER_PATH}/RxSwift.framework",
				"${TARGET_BUILD_DIR}/${FRAMEWORKS_FOLDER_PATH}/Nimble.framework",
				"${TARGET_BUILD_DIR}/${FRAMEWORKS_FOLDER_PATH}/Quick.framework",
				"${TARGET_BUILD_DIR}/${FRAMEWORKS_FOLDER_PATH}/RxBlocking.framework",
				"${TARGET_BUILD_DIR}/${FRAMEWORKS_FOLDER_PATH}/RxTest.framework",
			);
			runOnlyForDeploymentPostprocessing = 0;
			shellPath = /bin/sh;
			shellScript = "\"${SRCROOT}/Pods/Target Support Files/Pods-DRNearTests/Pods-DRNearTests-frameworks.sh\"\n";
			showEnvVarsInLog = 0;
		};
		D2F0CC5019EE5C2FD3425D12 /* [CP] Check Pods Manifest.lock */ = {
			isa = PBXShellScriptBuildPhase;
			buildActionMask = 2147483647;
			files = (
			);
			inputPaths = (
				"${PODS_PODFILE_DIR_PATH}/Podfile.lock",
				"${PODS_ROOT}/Manifest.lock",
			);
			name = "[CP] Check Pods Manifest.lock";
			outputPaths = (
				"$(DERIVED_FILE_DIR)/Pods-DRNear-checkManifestLockResult.txt",
			);
			runOnlyForDeploymentPostprocessing = 0;
			shellPath = /bin/sh;
			shellScript = "diff \"${PODS_PODFILE_DIR_PATH}/Podfile.lock\" \"${PODS_ROOT}/Manifest.lock\" > /dev/null\nif [ $? != 0 ] ; then\n    # print error to STDERR\n    echo \"error: The sandbox is not in sync with the Podfile.lock. Run 'pod install' or update your CocoaPods installation.\" >&2\n    exit 1\nfi\n# This output is used by Xcode 'outputs' to avoid re-running this script phase.\necho \"SUCCESS\" > \"${SCRIPT_OUTPUT_FILE_0}\"\n";
			showEnvVarsInLog = 0;
		};
		EECD39C37078C979CDF124BA /* [CP] Embed Pods Frameworks */ = {
			isa = PBXShellScriptBuildPhase;
			buildActionMask = 2147483647;
			files = (
			);
			inputPaths = (
				"${SRCROOT}/Pods/Target Support Files/Pods-DRNear/Pods-DRNear-frameworks.sh",
				"${BUILT_PRODUCTS_DIR}/Alamofire/Alamofire.framework",
				"${BUILT_PRODUCTS_DIR}/Differentiator/Differentiator.framework",
				"${BUILT_PRODUCTS_DIR}/JWTDecode/JWTDecode.framework",
				"${BUILT_PRODUCTS_DIR}/RxCocoa/RxCocoa.framework",
				"${BUILT_PRODUCTS_DIR}/RxDataSources/RxDataSources.framework",
				"${BUILT_PRODUCTS_DIR}/RxSwift/RxSwift.framework",
				"${BUILT_PRODUCTS_DIR}/SnapKit/SnapKit.framework",
				"${BUILT_PRODUCTS_DIR}/SwiftyJSON/SwiftyJSON.framework",
			);
			name = "[CP] Embed Pods Frameworks";
			outputPaths = (
				"${TARGET_BUILD_DIR}/${FRAMEWORKS_FOLDER_PATH}/Alamofire.framework",
				"${TARGET_BUILD_DIR}/${FRAMEWORKS_FOLDER_PATH}/Differentiator.framework",
				"${TARGET_BUILD_DIR}/${FRAMEWORKS_FOLDER_PATH}/JWTDecode.framework",
				"${TARGET_BUILD_DIR}/${FRAMEWORKS_FOLDER_PATH}/RxCocoa.framework",
				"${TARGET_BUILD_DIR}/${FRAMEWORKS_FOLDER_PATH}/RxDataSources.framework",
				"${TARGET_BUILD_DIR}/${FRAMEWORKS_FOLDER_PATH}/RxSwift.framework",
				"${TARGET_BUILD_DIR}/${FRAMEWORKS_FOLDER_PATH}/SnapKit.framework",
				"${TARGET_BUILD_DIR}/${FRAMEWORKS_FOLDER_PATH}/SwiftyJSON.framework",
			);
			runOnlyForDeploymentPostprocessing = 0;
			shellPath = /bin/sh;
			shellScript = "\"${SRCROOT}/Pods/Target Support Files/Pods-DRNear/Pods-DRNear-frameworks.sh\"\n";
			showEnvVarsInLog = 0;
		};
		FD3460B921136A7C007B0943 /* ShellScript */ = {
			isa = PBXShellScriptBuildPhase;
			buildActionMask = 2147483647;
			files = (
			);
			inputPaths = (
			);
			outputPaths = (
			);
			runOnlyForDeploymentPostprocessing = 0;
			shellPath = /bin/sh;
			shellScript = "\"${PODS_ROOT}/SwiftLint/swiftlint\"";
		};
/* End PBXShellScriptBuildPhase section */

/* Begin PBXSourcesBuildPhase section */
		FD395E812110DB8F00A0FBBF /* Sources */ = {
			isa = PBXSourcesBuildPhase;
			buildActionMask = 2147483647;
			files = (
				FD4C53E221300120008D5008 /* UILabel.swift in Sources */,
				FD4C53A321300120008D5008 /* MyObservableConsultationsFromAPI.swift in Sources */,
				FD4C540121300120008D5008 /* GradientView.swift in Sources */,
				FD4C53EB21300120008D5008 /* ContainingImage.swift in Sources */,
				FD4C53FC21300120008D5008 /* ErrorAlertTransition.swift in Sources */,
				FD4C53B121300120008D5008 /* BadHabits.swift in Sources */,
				FD4C53A021300120008D5008 /* VaccinationFrom.swift in Sources */,
				FD4C53FE21300120008D5008 /* SimpleNavigationBar.swift in Sources */,
				FD4C53D021300120008D5008 /* TokenFromString.swift in Sources */,
				FD4C53D821300120008D5008 /* UIScrollView+TPKeyboardAvoidingAdditions.m in Sources */,
				FD4C53D721300120008D5008 /* UIView.swift in Sources */,
				FD4C539021300120008D5008 /* AllObservableDiseasesFromAPI.swift in Sources */,
				FD4C540321300120008D5008 /* Deletable.swift in Sources */,
				FD4C53E621300120008D5008 /* UIFont+Additions.swift in Sources */,
				FD4C53AF21300120008D5008 /* Allergies.swift in Sources */,
				FD4C538D21300120008D5008 /* SystemRelated.swift in Sources */,
				FD4C53DC21300120008D5008 /* UICollectionView.swift in Sources */,
				FD4C539621300120008D5008 /* Disease.swift in Sources */,
				FD4C53C421300120008D5008 /* NumberPad.swift in Sources */,
				FD4C539821300120008D5008 /* SimpleVaccination.swift in Sources */,
				FD4C53C921300120008D5008 /* AccountCommitmentFromAPI.swift in Sources */,
				FD4C53E321300120008D5008 /* UINavigationController.swift in Sources */,
				FD4C53B321300120008D5008 /* BadHabitFrom.swift in Sources */,
				FD4C53AC21300120008D5008 /* MyObservableAllergiesFromAPI.swift in Sources */,
				FD4C53E121300120008D5008 /* UIImageView.swift in Sources */,
				FD4C53F621300120008D5008 /* Interactive.swift in Sources */,
				FD4C539521300120008D5008 /* Diseases.swift in Sources */,
				FD4C53E521300120008D5008 /* UIColor+Additions.swift in Sources */,
				FD4C53CD21300120008D5008 /* SimpleCodeConfirmationPresentation.swift in Sources */,
				FD4C53D121300120008D5008 /* Token.swift in Sources */,
				FD4C53B621300120008D5008 /* SimleBadHabit.swift in Sources */,
				FD4C53AE21300120008D5008 /* Allergy.swift in Sources */,
				FD4C53EF21300120008D5008 /* Refreshable.swift in Sources */,
				FD4C53F321300120008D5008 /* Editable.swift in Sources */,
				FD4C53AA21300120008D5008 /* AllergiesUpdate.swift in Sources */,
				FD4C53E021300120008D5008 /* UIButton.swift in Sources */,
				FD4C538F21300120008D5008 /* MedCardCollectionViewPresentation.swift in Sources */,
				FD4C53EC21300120008D5008 /* ViewController.swift in Sources */,
				FD4C53C521300120008D5008 /* Registration.swift in Sources */,
				FD4C53B021300120008D5008 /* ClarifiedAllergy.swift in Sources */,
				FD4C53B821300120008D5008 /* AllObservableBadHabitsFromAPI.swift in Sources */,
				FD4C540421300120008D5008 /* Identificated.swift in Sources */,
				FD4C53CB21300120008D5008 /* NumberRegistrationFromAPI.swift in Sources */,
				FD4C540521300120008D5008 /* Named.swift in Sources */,
				FD4C53B921300120008D5008 /* BadHabitsUpdate.swift in Sources */,
				FD4C53F821300120008D5008 /* Request.swift in Sources */,
				FD4C53A221300120008D5008 /* SimpleConsultation.swift in Sources */,
				FD4C53B421300120008D5008 /* MyObservableBadHabitsFromAPI.swift in Sources */,
				FD4C53D321300120008D5008 /* Authority.swift in Sources */,
				FD4C53BB21300120008D5008 /* AllBadHabitsPresentation.swift in Sources */,
				FD4C53A821300120008D5008 /* File.swift in Sources */,
				FD4C53C621300120008D5008 /* NumberConfirmationFromAPI.swift in Sources */,
				FD4C53BE21300120008D5008 /* ObservableMedCardOptions.swift in Sources */,
				FD4C53A421300120008D5008 /* DatedDescribedCell.swift in Sources */,
				FD4C53C221300120008D5008 /* NumberRegistrationPresentation.swift in Sources */,
				FD4C53CC21300120008D5008 /* ConfirmNumberPresentation.swift in Sources */,
				FD4C53FA21300120008D5008 /* ObservableImage.swift in Sources */,
				FD4C53D421300120008D5008 /* CredentialsFrom.swift in Sources */,
				FD4C53F921300120008D5008 /* Selectable.swift in Sources */,
				4C287DEBCF054934DD89DFB8 /* TestExtensions.swift in Sources */,
				FD4C53AB21300120008D5008 /* AllergyFrom.swift in Sources */,
				FD4C53A521300120008D5008 /* MyObservableAnalysesFromAPI.swift in Sources */,
				FD4C539D21300120008D5008 /* AllObservableVaccinationsFromAPI.swift in Sources */,
				FD4C53C721300120008D5008 /* AccountCreationPresentation.swift in Sources */,
				FD4C53FF21300120008D5008 /* StandardSectionModel.swift in Sources */,
				FD4C53C821300120008D5008 /* InAppAuthorization.swift in Sources */,
				FD4C53ED21300120008D5008 /* Applicable.swift in Sources */,
				FD4C53EE21300120008D5008 /* Update.swift in Sources */,
				FD4C540621300120008D5008 /* AppDelegate.swift in Sources */,
				FD4C53F721300120008D5008 /* Descripted.swift in Sources */,
				FD4C53F421300120008D5008 /* DeletionPresentation.swift in Sources */,
				FD4C53DF21300120008D5008 /* UITextField.swift in Sources */,
				FD4C540221300120008D5008 /* StandardTableView.swift in Sources */,
				FD4C53B521300120008D5008 /* BadHabitTableViewCell.swift in Sources */,
				FD4C53D621300120008D5008 /* AuthorityFromAPI.swift in Sources */,
				FD4C53CF21300120008D5008 /* SimpleAuthority.swift in Sources */,
				FD4C53C021300120008D5008 /* MedCardOptionApplicableToCollectionViewCell.swift in Sources */,
				FD4C53BA21300120008D5008 /* BadHabit.swift in Sources */,
				FD4C53DA21300120008D5008 /* TPKeyboardAvoidingScrollView.m in Sources */,
				FD4C53CE21300120008D5008 /* SimpleLoginPresentation.swift in Sources */,
				FD4C53FD21300120008D5008 /* Transition.swift in Sources */,
				FD4C53C121300120008D5008 /* MedCardOption.swift in Sources */,
				FD4C53C321300120008D5008 /* PincodeCreationPresentation.swift in Sources */,
				FD4C53D221300120008D5008 /* EmptyToken.swift in Sources */,
				FD4C539C21300120008D5008 /* MyObservableVaccinationsFromAPI.swift in Sources */,
				FD4C53A121300120008D5008 /* Consultations.swift in Sources */,
				FD4C53BD21300120008D5008 /* MedCardOptionFrom.swift in Sources */,
				FD4C53FB21300120008D5008 /* TransitionSource.swift in Sources */,
				FD4C53F121300120008D5008 /* EmtyObservableImage.swift in Sources */,
				FD4C53AD21300120008D5008 /* AllObservableAllergiesFromAPI.swift in Sources */,
				FD4C539221300120008D5008 /* MyObservableDiseasesFromAPI.swift in Sources */,
				FD4C53F221300120008D5008 /* Presentation.swift in Sources */,
				FD4C539721300120008D5008 /* CommentedDisease.swift in Sources */,
				FD4C53A721300120008D5008 /* SimpleMedicalTest.swift in Sources */,
				FD4C539F21300120008D5008 /* Vaccination.swift in Sources */,
				FD4C53BF21300120008D5008 /* MedCardOptionCollectionViewCell.swift in Sources */,
				FD4C53A921300120008D5008 /* MedicalTests.swift in Sources */,
				FD4C539E21300120008D5008 /* DatedVaccination.swift in Sources */,
				FD4C538E21300120008D5008 /* DatedListPresentation.swift in Sources */,
				FD4C539B21300120008D5008 /* DateSelectionPresentation.swift in Sources */,
				FD4C53B221300120008D5008 /* MyBadHabitsPresentation.swift in Sources */,
				FD4C53DE21300120008D5008 /* Alamofire.swift in Sources */,
				FD4C539921300120008D5008 /* VaccinationUpdate.swift in Sources */,
				FD4C539A21300120008D5008 /* Vaccinations.swift in Sources */,
				FD4C53D921300120008D5008 /* TPKeyboardAvoidingTableView.m in Sources */,
				FD4C53D521300120008D5008 /* Credentials.swift in Sources */,
				FD4C539421300120008D5008 /* SimpleDisease.swift in Sources */,
				FD4C539321300120008D5008 /* DiseaseFrom.swift in Sources */,
				FD4C539121300120008D5008 /* DiseasesUpdate.swift in Sources */,
				FD4C53BC21300120008D5008 /* BadHabitsTableViewPresentation.swift in Sources */,
				FD4C540021300120008D5008 /* GradientButton.swift in Sources */,
				FD4C53DD21300120008D5008 /* UITableView.swift in Sources */,
				FD4C53DB21300120008D5008 /* TPKeyboardAvoidingCollectionView.m in Sources */,
				FD4C53F021300120008D5008 /* Dated.swift in Sources */,
				FD4C53CA21300120008D5008 /* ApplicationSetup.swift in Sources */,
			);
			runOnlyForDeploymentPostprocessing = 0;
		};
		FD395E952110DB9200A0FBBF /* Sources */ = {
			isa = PBXSourcesBuildPhase;
			buildActionMask = 2147483647;
			files = (
				4C2871C006782E5311F7F780 /* AuthorizationTests.swift in Sources */,
				FD060C9E2119F2F400EF3C2B /* BadHabitsTests.swift in Sources */,
				4C287DEB8A8FBA8973E56C2A /* MedCardTests.swift in Sources */,
				4C28754E684C658153CD4A90 /* IdentificationTests.swift in Sources */,
				4C287234773E4E2458246776 /* SimpleObjectsTests.swift in Sources */,
				4C287CE2462150329776CA93 /* AppicationTests.swift in Sources */,
			);
			runOnlyForDeploymentPostprocessing = 0;
		};
/* End PBXSourcesBuildPhase section */

/* Begin PBXTargetDependency section */
		FD395E9B2110DB9200A0FBBF /* PBXTargetDependency */ = {
			isa = PBXTargetDependency;
			target = FD395E842110DB8F00A0FBBF /* DRNear */;
			targetProxy = FD395E9A2110DB9200A0FBBF /* PBXContainerItemProxy */;
		};
/* End PBXTargetDependency section */

/* Begin XCBuildConfiguration section */
		FD395EA02110DB9200A0FBBF /* Debug */ = {
			isa = XCBuildConfiguration;
			buildSettings = {
				ALWAYS_SEARCH_USER_PATHS = NO;
				CLANG_ANALYZER_NONNULL = YES;
				CLANG_ANALYZER_NUMBER_OBJECT_CONVERSION = YES_AGGRESSIVE;
				CLANG_CXX_LANGUAGE_STANDARD = "gnu++14";
				CLANG_CXX_LIBRARY = "libc++";
				CLANG_ENABLE_MODULES = YES;
				CLANG_ENABLE_OBJC_ARC = YES;
				CLANG_ENABLE_OBJC_WEAK = YES;
				CLANG_WARN_BLOCK_CAPTURE_AUTORELEASING = YES;
				CLANG_WARN_BOOL_CONVERSION = YES;
				CLANG_WARN_COMMA = YES;
				CLANG_WARN_CONSTANT_CONVERSION = YES;
				CLANG_WARN_DEPRECATED_OBJC_IMPLEMENTATIONS = YES;
				CLANG_WARN_DIRECT_OBJC_ISA_USAGE = YES_ERROR;
				CLANG_WARN_DOCUMENTATION_COMMENTS = YES;
				CLANG_WARN_EMPTY_BODY = YES;
				CLANG_WARN_ENUM_CONVERSION = YES;
				CLANG_WARN_INFINITE_RECURSION = YES;
				CLANG_WARN_INT_CONVERSION = YES;
				CLANG_WARN_NON_LITERAL_NULL_CONVERSION = YES;
				CLANG_WARN_OBJC_IMPLICIT_RETAIN_SELF = YES;
				CLANG_WARN_OBJC_LITERAL_CONVERSION = YES;
				CLANG_WARN_OBJC_ROOT_CLASS = YES_ERROR;
				CLANG_WARN_RANGE_LOOP_ANALYSIS = YES;
				CLANG_WARN_STRICT_PROTOTYPES = YES;
				CLANG_WARN_SUSPICIOUS_MOVE = YES;
				CLANG_WARN_UNGUARDED_AVAILABILITY = YES_AGGRESSIVE;
				CLANG_WARN_UNREACHABLE_CODE = YES;
				CLANG_WARN__DUPLICATE_METHOD_MATCH = YES;
				CODE_SIGN_IDENTITY = "iPhone Developer";
				COPY_PHASE_STRIP = NO;
				DEBUG_INFORMATION_FORMAT = dwarf;
				ENABLE_STRICT_OBJC_MSGSEND = YES;
				ENABLE_TESTABILITY = YES;
				GCC_C_LANGUAGE_STANDARD = gnu11;
				GCC_DYNAMIC_NO_PIC = NO;
				GCC_NO_COMMON_BLOCKS = YES;
				GCC_OPTIMIZATION_LEVEL = 0;
				GCC_PREPROCESSOR_DEFINITIONS = (
					"DEBUG=1",
					"$(inherited)",
				);
				GCC_WARN_64_TO_32_BIT_CONVERSION = YES;
				GCC_WARN_ABOUT_RETURN_TYPE = YES_ERROR;
				GCC_WARN_UNDECLARED_SELECTOR = YES;
				GCC_WARN_UNINITIALIZED_AUTOS = YES_AGGRESSIVE;
				GCC_WARN_UNUSED_FUNCTION = YES;
				GCC_WARN_UNUSED_VARIABLE = YES;
				IPHONEOS_DEPLOYMENT_TARGET = 11.4;
				MTL_ENABLE_DEBUG_INFO = YES;
				ONLY_ACTIVE_ARCH = YES;
				SDKROOT = iphoneos;
				SWIFT_ACTIVE_COMPILATION_CONDITIONS = DEBUG;
				SWIFT_OPTIMIZATION_LEVEL = "-Onone";
			};
			name = Debug;
		};
		FD395EA12110DB9200A0FBBF /* Release */ = {
			isa = XCBuildConfiguration;
			buildSettings = {
				ALWAYS_SEARCH_USER_PATHS = NO;
				CLANG_ANALYZER_NONNULL = YES;
				CLANG_ANALYZER_NUMBER_OBJECT_CONVERSION = YES_AGGRESSIVE;
				CLANG_CXX_LANGUAGE_STANDARD = "gnu++14";
				CLANG_CXX_LIBRARY = "libc++";
				CLANG_ENABLE_MODULES = YES;
				CLANG_ENABLE_OBJC_ARC = YES;
				CLANG_ENABLE_OBJC_WEAK = YES;
				CLANG_WARN_BLOCK_CAPTURE_AUTORELEASING = YES;
				CLANG_WARN_BOOL_CONVERSION = YES;
				CLANG_WARN_COMMA = YES;
				CLANG_WARN_CONSTANT_CONVERSION = YES;
				CLANG_WARN_DEPRECATED_OBJC_IMPLEMENTATIONS = YES;
				CLANG_WARN_DIRECT_OBJC_ISA_USAGE = YES_ERROR;
				CLANG_WARN_DOCUMENTATION_COMMENTS = YES;
				CLANG_WARN_EMPTY_BODY = YES;
				CLANG_WARN_ENUM_CONVERSION = YES;
				CLANG_WARN_INFINITE_RECURSION = YES;
				CLANG_WARN_INT_CONVERSION = YES;
				CLANG_WARN_NON_LITERAL_NULL_CONVERSION = YES;
				CLANG_WARN_OBJC_IMPLICIT_RETAIN_SELF = YES;
				CLANG_WARN_OBJC_LITERAL_CONVERSION = YES;
				CLANG_WARN_OBJC_ROOT_CLASS = YES_ERROR;
				CLANG_WARN_RANGE_LOOP_ANALYSIS = YES;
				CLANG_WARN_STRICT_PROTOTYPES = YES;
				CLANG_WARN_SUSPICIOUS_MOVE = YES;
				CLANG_WARN_UNGUARDED_AVAILABILITY = YES_AGGRESSIVE;
				CLANG_WARN_UNREACHABLE_CODE = YES;
				CLANG_WARN__DUPLICATE_METHOD_MATCH = YES;
				CODE_SIGN_IDENTITY = "iPhone Developer";
				COPY_PHASE_STRIP = NO;
				DEBUG_INFORMATION_FORMAT = "dwarf-with-dsym";
				ENABLE_NS_ASSERTIONS = NO;
				ENABLE_STRICT_OBJC_MSGSEND = YES;
				GCC_C_LANGUAGE_STANDARD = gnu11;
				GCC_NO_COMMON_BLOCKS = YES;
				GCC_WARN_64_TO_32_BIT_CONVERSION = YES;
				GCC_WARN_ABOUT_RETURN_TYPE = YES_ERROR;
				GCC_WARN_UNDECLARED_SELECTOR = YES;
				GCC_WARN_UNINITIALIZED_AUTOS = YES_AGGRESSIVE;
				GCC_WARN_UNUSED_FUNCTION = YES;
				GCC_WARN_UNUSED_VARIABLE = YES;
				IPHONEOS_DEPLOYMENT_TARGET = 11.4;
				MTL_ENABLE_DEBUG_INFO = NO;
				SDKROOT = iphoneos;
				SWIFT_COMPILATION_MODE = wholemodule;
				SWIFT_OPTIMIZATION_LEVEL = "-O";
				VALIDATE_PRODUCT = YES;
			};
			name = Release;
		};
		FD395EA32110DB9200A0FBBF /* Debug */ = {
			isa = XCBuildConfiguration;
			baseConfigurationReference = E7514FDD637C6A7E54622E10 /* Pods-DRNear.debug.xcconfig */;
			buildSettings = {
				ASSETCATALOG_COMPILER_APPICON_NAME = AppIcon;
				CODE_SIGN_IDENTITY = "iPhone Developer";
				CODE_SIGN_STYLE = Automatic;
				DEVELOPMENT_TEAM = W9HXCUL7KS;
				INFOPLIST_FILE = DRNear/Info.plist;
				LD_RUNPATH_SEARCH_PATHS = (
					"$(inherited)",
					"@executable_path/Frameworks",
				);
				PRODUCT_BUNDLE_IDENTIFIER = jufy.DRNear;
				PRODUCT_NAME = "$(TARGET_NAME)";
				PROVISIONING_PROFILE = "";
				PROVISIONING_PROFILE_SPECIFIER = "";
				SWIFT_OBJC_BRIDGING_HEADER = "DRNear/DRNear-Bridging-Header.h";
				SWIFT_VERSION = 4.0;
				TARGETED_DEVICE_FAMILY = "1,2";
			};
			name = Debug;
		};
		FD395EA42110DB9200A0FBBF /* Release */ = {
			isa = XCBuildConfiguration;
			baseConfigurationReference = DA6D72D8ADEA9DE6E9C918B3 /* Pods-DRNear.release.xcconfig */;
			buildSettings = {
				ASSETCATALOG_COMPILER_APPICON_NAME = AppIcon;
				CODE_SIGN_IDENTITY = "iPhone Developer";
				CODE_SIGN_STYLE = Automatic;
				DEVELOPMENT_TEAM = W9HXCUL7KS;
				INFOPLIST_FILE = DRNear/Info.plist;
				LD_RUNPATH_SEARCH_PATHS = (
					"$(inherited)",
					"@executable_path/Frameworks",
				);
				PRODUCT_BUNDLE_IDENTIFIER = jufy.DRNear;
				PRODUCT_NAME = "$(TARGET_NAME)";
				PROVISIONING_PROFILE = "";
				PROVISIONING_PROFILE_SPECIFIER = "";
				SWIFT_OBJC_BRIDGING_HEADER = "DRNear/DRNear-Bridging-Header.h";
				SWIFT_VERSION = 4.0;
				TARGETED_DEVICE_FAMILY = "1,2";
			};
			name = Release;
		};
		FD395EA62110DB9200A0FBBF /* Debug */ = {
			isa = XCBuildConfiguration;
			baseConfigurationReference = BAD8ACF095812B2FA99920AC /* Pods-DRNearTests.debug.xcconfig */;
			buildSettings = {
				ALWAYS_EMBED_SWIFT_STANDARD_LIBRARIES = YES;
				BUNDLE_LOADER = "$(TEST_HOST)";
				CODE_SIGN_STYLE = Automatic;
				DEVELOPMENT_TEAM = W9HXCUL7KS;
				INFOPLIST_FILE = DRNearTests/Info.plist;
				LD_RUNPATH_SEARCH_PATHS = (
					"$(inherited)",
					"@executable_path/Frameworks",
					"@loader_path/Frameworks",
				);
				PRODUCT_BUNDLE_IDENTIFIER = shles.DRNearTests;
				PRODUCT_NAME = "$(TARGET_NAME)";
				SWIFT_VERSION = 4.0;
				TARGETED_DEVICE_FAMILY = "1,2";
				TEST_HOST = "$(BUILT_PRODUCTS_DIR)/DRNear.app/DRNear";
			};
			name = Debug;
		};
		FD395EA72110DB9200A0FBBF /* Release */ = {
			isa = XCBuildConfiguration;
			baseConfigurationReference = 5791B611C4A7E0E4D26F24D0 /* Pods-DRNearTests.release.xcconfig */;
			buildSettings = {
				ALWAYS_EMBED_SWIFT_STANDARD_LIBRARIES = YES;
				BUNDLE_LOADER = "$(TEST_HOST)";
				CODE_SIGN_STYLE = Automatic;
				DEVELOPMENT_TEAM = W9HXCUL7KS;
				INFOPLIST_FILE = DRNearTests/Info.plist;
				LD_RUNPATH_SEARCH_PATHS = (
					"$(inherited)",
					"@executable_path/Frameworks",
					"@loader_path/Frameworks",
				);
				PRODUCT_BUNDLE_IDENTIFIER = shles.DRNearTests;
				PRODUCT_NAME = "$(TARGET_NAME)";
				SWIFT_VERSION = 4.0;
				TARGETED_DEVICE_FAMILY = "1,2";
				TEST_HOST = "$(BUILT_PRODUCTS_DIR)/DRNear.app/DRNear";
			};
			name = Release;
		};
/* End XCBuildConfiguration section */

/* Begin XCConfigurationList section */
		FD395E802110DB8E00A0FBBF /* Build configuration list for PBXProject "DRNear" */ = {
			isa = XCConfigurationList;
			buildConfigurations = (
				FD395EA02110DB9200A0FBBF /* Debug */,
				FD395EA12110DB9200A0FBBF /* Release */,
			);
			defaultConfigurationIsVisible = 0;
			defaultConfigurationName = Release;
		};
		FD395EA22110DB9200A0FBBF /* Build configuration list for PBXNativeTarget "DRNear" */ = {
			isa = XCConfigurationList;
			buildConfigurations = (
				FD395EA32110DB9200A0FBBF /* Debug */,
				FD395EA42110DB9200A0FBBF /* Release */,
			);
			defaultConfigurationIsVisible = 0;
			defaultConfigurationName = Release;
		};
		FD395EA52110DB9200A0FBBF /* Build configuration list for PBXNativeTarget "DRNearTests" */ = {
			isa = XCConfigurationList;
			buildConfigurations = (
				FD395EA62110DB9200A0FBBF /* Debug */,
				FD395EA72110DB9200A0FBBF /* Release */,
			);
			defaultConfigurationIsVisible = 0;
			defaultConfigurationName = Release;
		};
/* End XCConfigurationList section */
	};
	rootObject = FD395E7D2110DB8E00A0FBBF /* Project object */;
}
