// !$*UTF8*$!
{
	archiveVersion = 1;
	classes = {
	};
	objectVersion = 50;
	objects = {

/* Begin PBXBuildFile section */
		29BA871AF238F7300ED0A149 /* Pods_DRNearTests.framework in Frameworks */ = {isa = PBXBuildFile; fileRef = 5B2D3125280CCAAF198E21B9 /* Pods_DRNearTests.framework */; };
		4C287068C098A6125B74277C /* AllBadHabitsPresentation.swift in Sources */ = {isa = PBXBuildFile; fileRef = 4C287ACABF51F6EF366EA62B /* AllBadHabitsPresentation.swift */; };
		4C28707B9D15494ECA238A5F /* MedCardOption.swift in Sources */ = {isa = PBXBuildFile; fileRef = 4C287634E3FD7E687FC345E6 /* MedCardOption.swift */; };
		4C2871760C0104098A04BDFA /* GradientView.swift in Sources */ = {isa = PBXBuildFile; fileRef = 4C2875DC9E058AC020FA62E2 /* GradientView.swift */; };
		4C2871C006782E5311F7F780 /* AuthorizationTests.swift in Sources */ = {isa = PBXBuildFile; fileRef = 4C287484ADC3F373C2CF204A /* AuthorizationTests.swift */; };
		4C28720396CCCDADD6C2F66C /* BadHabits.swift in Sources */ = {isa = PBXBuildFile; fileRef = 4C2875E404BE49C90D8E11E7 /* BadHabits.swift */; };
		4C287234773E4E2458246776 /* SimpleObjectsTests.swift in Sources */ = {isa = PBXBuildFile; fileRef = 4C2878D9A4D3FA203745DBD1 /* SimpleObjectsTests.swift */; };
		4C28726D8D6010B64D446EF7 /* Identificated.swift in Sources */ = {isa = PBXBuildFile; fileRef = 4C2875A00257F6125D0E7680 /* Identificated.swift */; };
		4C287272D1EDD3867CC994AF /* EmtyObservableImage.swift in Sources */ = {isa = PBXBuildFile; fileRef = 4C287E45DF9DFC7E68EEDD48 /* EmtyObservableImage.swift */; };
		4C287318C1F477AA26AA996E /* MedCardCollectionViewPresentation.swift in Sources */ = {isa = PBXBuildFile; fileRef = 4C28762B2D003CE53EB1A608 /* MedCardCollectionViewPresentation.swift */; };
		4C2873285F2259314C652EB5 /* EmptyToken.swift in Sources */ = {isa = PBXBuildFile; fileRef = 4C287D34DF418020E12D3E60 /* EmptyToken.swift */; };
		4C28741C98B966BDDD78F4D4 /* BadHabitTableViewCell.swift in Sources */ = {isa = PBXBuildFile; fileRef = 4C2878061A01A7E7455A0A85 /* BadHabitTableViewCell.swift */; };
		4C28746F061D9C9C8578DB71 /* BadHabitApplicableToTableViewCell.swift in Sources */ = {isa = PBXBuildFile; fileRef = 4C287A15A07A292181CB033E /* BadHabitApplicableToTableViewCell.swift */; };
		4C287507116D991E0A095D48 /* TransitionSource.swift in Sources */ = {isa = PBXBuildFile; fileRef = 4C28737122D5A6DB17D380A3 /* TransitionSource.swift */; };
		4C2875193BC5215470ED3FE1 /* Named.swift in Sources */ = {isa = PBXBuildFile; fileRef = 4C287BFD15BBEB8549AFEB97 /* Named.swift */; };
		4C287537F876404304236173 /* ObservableBadHabitsFromAPI.swift in Sources */ = {isa = PBXBuildFile; fileRef = 4C2877E2A6511F3668D68881 /* ObservableBadHabitsFromAPI.swift */; };
		4C28754E684C658153CD4A90 /* IdentificationTests.swift in Sources */ = {isa = PBXBuildFile; fileRef = 4C28798DE7F12D0439A07B13 /* IdentificationTests.swift */; };
		4C2875A7A1C194F1797C996B /* Token.swift in Sources */ = {isa = PBXBuildFile; fileRef = 4C287FC6CB291637F3391038 /* Token.swift */; };
		4C2875D619559CA2DFF54F6C /* MyBadHabit.swift in Sources */ = {isa = PBXBuildFile; fileRef = 4C287507A0FB531EC8172B72 /* MyBadHabit.swift */; };
		4C287600E35D4DA6A50A00DD /* CredentialsFrom.swift in Sources */ = {isa = PBXBuildFile; fileRef = 4C287CF908DCFB422755523A /* CredentialsFrom.swift */; };
		4C28762B019C533E21C77830 /* ObservableImage.swift in Sources */ = {isa = PBXBuildFile; fileRef = 4C287E699877719914175B47 /* ObservableImage.swift */; };
		4C28765411D4406E3EB869B8 /* SimpleCodeConfirmationPresentation.swift in Sources */ = {isa = PBXBuildFile; fileRef = 4C287E1BC768B524294D7C42 /* SimpleCodeConfirmationPresentation.swift */; };
		4C2876CD9E69B7C53F9A8511 /* SimpleAuthority.swift in Sources */ = {isa = PBXBuildFile; fileRef = 4C287C8D033CBDA225A7D98F /* SimpleAuthority.swift */; };
		4C28770423B6DC3A32B87FF6 /* BadHabit.swift in Sources */ = {isa = PBXBuildFile; fileRef = 4C28708164D19C6484F6778A /* BadHabit.swift */; };
		4C287737CA37EE6D4060A5AE /* ObservableMedCardOptions.swift in Sources */ = {isa = PBXBuildFile; fileRef = 4C287F6DE8AEF4DCC86C7523 /* ObservableMedCardOptions.swift */; };
		4C287838622D5D8D93068FA2 /* BadHabitFrom.swift in Sources */ = {isa = PBXBuildFile; fileRef = 4C2871A82528B0822981AA36 /* BadHabitFrom.swift */; };
		4C28787EBB9E4F86631EA0B9 /* SimpleLoginPresentation.swift in Sources */ = {isa = PBXBuildFile; fileRef = 4C2879984397062B701A567F /* SimpleLoginPresentation.swift */; };
		4C2878E55C44A97E05C481BD /* ObservableMyBadHabitsFromAPI.swift in Sources */ = {isa = PBXBuildFile; fileRef = 4C28776EFF4811C4A745CAC5 /* ObservableMyBadHabitsFromAPI.swift */; };
		4C28792FCEF04FBBAE261330 /* TokenFromString.swift in Sources */ = {isa = PBXBuildFile; fileRef = 4C287A3E4DFC5B130F138827 /* TokenFromString.swift */; };
		4C287989FAAD86D2723E54B6 /* MyBadHabitFromAPI.swift in Sources */ = {isa = PBXBuildFile; fileRef = 4C2875902C60FA8C29665F9D /* MyBadHabitFromAPI.swift */; };
		4C2879DC948AEE515F8B9DD9 /* ViewController.swift in Sources */ = {isa = PBXBuildFile; fileRef = 4C2879733193AD7FA725432E /* ViewController.swift */; };
		4C2879E05A8BFAFBBEAA4AE9 /* Presentation.swift in Sources */ = {isa = PBXBuildFile; fileRef = 4C287F509B7CA418A115AA25 /* Presentation.swift */; };
		4C2879F72D99260125A48ACA /* Alamofire.swift in Sources */ = {isa = PBXBuildFile; fileRef = 4C287BDEB8E587A7E4922049 /* Alamofire.swift */; };
		4C287A0CEADD4CB6EF894F6B /* StandardSectionModel.swift in Sources */ = {isa = PBXBuildFile; fileRef = 4C2870561AEE2D09B03DBC5C /* StandardSectionModel.swift */; };
		4C287AB142304A462D5C63CD /* Applicable.swift in Sources */ = {isa = PBXBuildFile; fileRef = 4C28711E3DD71E7FC4FDA3DA /* Applicable.swift */; };
		4C287AC41A84A24BAEB0A4D3 /* AuthorityFromAPI.swift in Sources */ = {isa = PBXBuildFile; fileRef = 4C2872F1F204BEE3C6FA51EB /* AuthorityFromAPI.swift */; };
		4C287B0F8C671580463C6ADF /* UICollectionView.swift in Sources */ = {isa = PBXBuildFile; fileRef = 4C287B724BCC7BDE47FFFB94 /* UICollectionView.swift */; };
		4C287B1C1803BEA891C7F6C8 /* Credentials.swift in Sources */ = {isa = PBXBuildFile; fileRef = 4C28718B6BD4A50B4C73816A /* Credentials.swift */; };
		4C287B5806EB12133B0235AB /* BadHabitsTableViewPresentation.swift in Sources */ = {isa = PBXBuildFile; fileRef = 4C2871B627B8F784AE50AADB /* BadHabitsTableViewPresentation.swift */; };
		4C287B72845683EDB11CB9E9 /* MedCardOptionApplicableToCollectionViewCell.swift in Sources */ = {isa = PBXBuildFile; fileRef = 4C2874217818B5547164CA24 /* MedCardOptionApplicableToCollectionViewCell.swift */; };
		4C287BE4587CFA7665CE39BD /* MyBadHabitsPresentation.swift in Sources */ = {isa = PBXBuildFile; fileRef = 4C287BF1B6CB5AD870366AEB /* MyBadHabitsPresentation.swift */; };
		4C287C2B3299A02ABCEF5FBC /* MedCardOptionFrom.swift in Sources */ = {isa = PBXBuildFile; fileRef = 4C28733DBA199F797355D770 /* MedCardOptionFrom.swift */; };
		4C287CD2EA6A62A2DEDC8A5F /* Selectable.swift in Sources */ = {isa = PBXBuildFile; fileRef = 4C287B837731B07089B235E7 /* Selectable.swift */; };
		4C287CE2462150329776CA93 /* AppicationTests.swift in Sources */ = {isa = PBXBuildFile; fileRef = 4C2879CBC781343E41611DD3 /* AppicationTests.swift */; };
		4C287D1C992A0023BBF5C762 /* Interactive.swift in Sources */ = {isa = PBXBuildFile; fileRef = 4C2875D5613F94AC1657CBD4 /* Interactive.swift */; };
		4C287D453B54426DE1B75C57 /* SimleBadHabit.swift in Sources */ = {isa = PBXBuildFile; fileRef = 4C28785D2684530B7533ACA7 /* SimleBadHabit.swift */; };
		4C287DEB8A8FBA8973E56C2A /* MedCardTests.swift in Sources */ = {isa = PBXBuildFile; fileRef = 4C2876ED262F9EFB6E8ACD9C /* MedCardTests.swift */; };
		4C287DEBCF054934DD89DFB8 /* TestExtensions.swift in Sources */ = {isa = PBXBuildFile; fileRef = 4C2870CE42C49DEA699E0DE1 /* TestExtensions.swift */; };
		4C287E2D873D612756944F42 /* ContainingImage.swift in Sources */ = {isa = PBXBuildFile; fileRef = 4C28768E71149F65D2E9D66D /* ContainingImage.swift */; };
		4C287E6ABA27E130731A7CBF /* SimpleNavigationBar.swift in Sources */ = {isa = PBXBuildFile; fileRef = 4C28795432F42BB4C7528D5C /* SimpleNavigationBar.swift */; };
		4C287F05F5C7454FA7A68331 /* Authority.swift in Sources */ = {isa = PBXBuildFile; fileRef = 4C287E52B85E45F48A353F3C /* Authority.swift */; };
		4C287FBC5FEFD5E1450C3470 /* MedCardOptionCollectionViewCell.swift in Sources */ = {isa = PBXBuildFile; fileRef = 4C2871E6C0C7E93672A171A0 /* MedCardOptionCollectionViewCell.swift */; };
		6FA8E9FC14F632BDE7948806 /* Pods_DRNear.framework in Frameworks */ = {isa = PBXBuildFile; fileRef = 7F61520493534457F4BFE257 /* Pods_DRNear.framework */; };
		FD060C9E2119F2F400EF3C2B /* BadHabitsTests.swift in Sources */ = {isa = PBXBuildFile; fileRef = FD060C9D2119F2F400EF3C2B /* BadHabitsTests.swift */; };
		FD3460BB2114C499007B0943 /* UIView.swift in Sources */ = {isa = PBXBuildFile; fileRef = FD3460BA2114C499007B0943 /* UIView.swift */; };
		FD3460BD2114C4FE007B0943 /* UILabel.swift in Sources */ = {isa = PBXBuildFile; fileRef = FD3460BC2114C4FD007B0943 /* UILabel.swift */; };
		FD3460C02114C50A007B0943 /* UIButton.swift in Sources */ = {isa = PBXBuildFile; fileRef = FD3460BE2114C50A007B0943 /* UIButton.swift */; };
		FD3460C12114C50A007B0943 /* UIImageView.swift in Sources */ = {isa = PBXBuildFile; fileRef = FD3460BF2114C50A007B0943 /* UIImageView.swift */; };
		FD3460C32114C533007B0943 /* UITextField.swift in Sources */ = {isa = PBXBuildFile; fileRef = FD3460C22114C533007B0943 /* UITextField.swift */; };
		FD3460C82114F2CD007B0943 /* UIFont+Additions.swift in Sources */ = {isa = PBXBuildFile; fileRef = FD3460C62114F2CD007B0943 /* UIFont+Additions.swift */; };
		FD3460C92114F2CD007B0943 /* UIColor+Additions.swift in Sources */ = {isa = PBXBuildFile; fileRef = FD3460C72114F2CD007B0943 /* UIColor+Additions.swift */; };
		FD3460CE2114F476007B0943 /* FiraSans-Medium.ttf in Resources */ = {isa = PBXBuildFile; fileRef = FD3460CC2114F475007B0943 /* FiraSans-Medium.ttf */; };
		FD3460CF2114F476007B0943 /* FiraSans-Regular.ttf in Resources */ = {isa = PBXBuildFile; fileRef = FD3460CD2114F476007B0943 /* FiraSans-Regular.ttf */; };
		FD3460D121152A26007B0943 /* FiraSans-Bold.ttf in Resources */ = {isa = PBXBuildFile; fileRef = FD3460D021152A25007B0943 /* FiraSans-Bold.ttf */; };
		FD395E892110DB8F00A0FBBF /* AppDelegate.swift in Sources */ = {isa = PBXBuildFile; fileRef = FD395E882110DB8F00A0FBBF /* AppDelegate.swift */; };
		FD395E8E2110DB8F00A0FBBF /* Main.storyboard in Resources */ = {isa = PBXBuildFile; fileRef = FD395E8C2110DB8F00A0FBBF /* Main.storyboard */; };
		FD395E902110DB9200A0FBBF /* Assets.xcassets in Resources */ = {isa = PBXBuildFile; fileRef = FD395E8F2110DB9200A0FBBF /* Assets.xcassets */; };
		FD395E932110DB9200A0FBBF /* LaunchScreen.storyboard in Resources */ = {isa = PBXBuildFile; fileRef = FD395E912110DB9200A0FBBF /* LaunchScreen.storyboard */; };
		FDA2911B2118B66900FAA316 /* UITableView.swift in Sources */ = {isa = PBXBuildFile; fileRef = FDA2911A2118B66800FAA316 /* UITableView.swift */; };
		FDA2911D2118C97300FAA316 /* StandardTableView.swift in Sources */ = {isa = PBXBuildFile; fileRef = FDA2911C2118C97300FAA316 /* StandardTableView.swift */; };
/* End PBXBuildFile section */

/* Begin PBXContainerItemProxy section */
		FD395E9A2110DB9200A0FBBF /* PBXContainerItemProxy */ = {
			isa = PBXContainerItemProxy;
			containerPortal = FD395E7D2110DB8E00A0FBBF /* Project object */;
			proxyType = 1;
			remoteGlobalIDString = FD395E842110DB8F00A0FBBF;
			remoteInfo = DRNear;
		};
/* End PBXContainerItemProxy section */

/* Begin PBXFileReference section */
		4C2870561AEE2D09B03DBC5C /* StandardSectionModel.swift */ = {isa = PBXFileReference; fileEncoding = 4; lastKnownFileType = sourcecode.swift; path = StandardSectionModel.swift; sourceTree = "<group>"; };
		4C28708164D19C6484F6778A /* BadHabit.swift */ = {isa = PBXFileReference; fileEncoding = 4; lastKnownFileType = sourcecode.swift; path = BadHabit.swift; sourceTree = "<group>"; };
		4C2870CE42C49DEA699E0DE1 /* TestExtensions.swift */ = {isa = PBXFileReference; fileEncoding = 4; lastKnownFileType = sourcecode.swift; path = TestExtensions.swift; sourceTree = "<group>"; };
		4C28711E3DD71E7FC4FDA3DA /* Applicable.swift */ = {isa = PBXFileReference; fileEncoding = 4; lastKnownFileType = sourcecode.swift; path = Applicable.swift; sourceTree = "<group>"; };
		4C28718B6BD4A50B4C73816A /* Credentials.swift */ = {isa = PBXFileReference; fileEncoding = 4; lastKnownFileType = sourcecode.swift; path = Credentials.swift; sourceTree = "<group>"; };
		4C2871A82528B0822981AA36 /* BadHabitFrom.swift */ = {isa = PBXFileReference; fileEncoding = 4; lastKnownFileType = sourcecode.swift; path = BadHabitFrom.swift; sourceTree = "<group>"; };
		4C2871B627B8F784AE50AADB /* BadHabitsTableViewPresentation.swift */ = {isa = PBXFileReference; fileEncoding = 4; lastKnownFileType = sourcecode.swift; path = BadHabitsTableViewPresentation.swift; sourceTree = "<group>"; };
		4C2871E6C0C7E93672A171A0 /* MedCardOptionCollectionViewCell.swift */ = {isa = PBXFileReference; fileEncoding = 4; lastKnownFileType = sourcecode.swift; path = MedCardOptionCollectionViewCell.swift; sourceTree = "<group>"; };
		4C2872F1F204BEE3C6FA51EB /* AuthorityFromAPI.swift */ = {isa = PBXFileReference; fileEncoding = 4; lastKnownFileType = sourcecode.swift; path = AuthorityFromAPI.swift; sourceTree = "<group>"; };
		4C28733DBA199F797355D770 /* MedCardOptionFrom.swift */ = {isa = PBXFileReference; fileEncoding = 4; lastKnownFileType = sourcecode.swift; path = MedCardOptionFrom.swift; sourceTree = "<group>"; };
		4C28737122D5A6DB17D380A3 /* TransitionSource.swift */ = {isa = PBXFileReference; fileEncoding = 4; lastKnownFileType = sourcecode.swift; path = TransitionSource.swift; sourceTree = "<group>"; };
		4C2874217818B5547164CA24 /* MedCardOptionApplicableToCollectionViewCell.swift */ = {isa = PBXFileReference; fileEncoding = 4; lastKnownFileType = sourcecode.swift; path = MedCardOptionApplicableToCollectionViewCell.swift; sourceTree = "<group>"; };
		4C287484ADC3F373C2CF204A /* AuthorizationTests.swift */ = {isa = PBXFileReference; fileEncoding = 4; lastKnownFileType = sourcecode.swift; path = AuthorizationTests.swift; sourceTree = "<group>"; };
		4C287507A0FB531EC8172B72 /* MyBadHabit.swift */ = {isa = PBXFileReference; fileEncoding = 4; lastKnownFileType = sourcecode.swift; path = MyBadHabit.swift; sourceTree = "<group>"; };
		4C2875902C60FA8C29665F9D /* MyBadHabitFromAPI.swift */ = {isa = PBXFileReference; fileEncoding = 4; lastKnownFileType = sourcecode.swift; path = MyBadHabitFromAPI.swift; sourceTree = "<group>"; };
		4C2875A00257F6125D0E7680 /* Identificated.swift */ = {isa = PBXFileReference; fileEncoding = 4; lastKnownFileType = sourcecode.swift; path = Identificated.swift; sourceTree = "<group>"; };
		4C2875D5613F94AC1657CBD4 /* Interactive.swift */ = {isa = PBXFileReference; fileEncoding = 4; lastKnownFileType = sourcecode.swift; path = Interactive.swift; sourceTree = "<group>"; };
		4C2875DC9E058AC020FA62E2 /* GradientView.swift */ = {isa = PBXFileReference; fileEncoding = 4; lastKnownFileType = sourcecode.swift; path = GradientView.swift; sourceTree = "<group>"; };
		4C2875E404BE49C90D8E11E7 /* BadHabits.swift */ = {isa = PBXFileReference; fileEncoding = 4; lastKnownFileType = sourcecode.swift; path = BadHabits.swift; sourceTree = "<group>"; };
		4C28762B2D003CE53EB1A608 /* MedCardCollectionViewPresentation.swift */ = {isa = PBXFileReference; fileEncoding = 4; lastKnownFileType = sourcecode.swift; path = MedCardCollectionViewPresentation.swift; sourceTree = "<group>"; };
		4C287634E3FD7E687FC345E6 /* MedCardOption.swift */ = {isa = PBXFileReference; fileEncoding = 4; lastKnownFileType = sourcecode.swift; path = MedCardOption.swift; sourceTree = "<group>"; };
		4C28768E71149F65D2E9D66D /* ContainingImage.swift */ = {isa = PBXFileReference; fileEncoding = 4; lastKnownFileType = sourcecode.swift; path = ContainingImage.swift; sourceTree = "<group>"; };
		4C2876ED262F9EFB6E8ACD9C /* MedCardTests.swift */ = {isa = PBXFileReference; fileEncoding = 4; lastKnownFileType = sourcecode.swift; path = MedCardTests.swift; sourceTree = "<group>"; };
		4C28776EFF4811C4A745CAC5 /* ObservableMyBadHabitsFromAPI.swift */ = {isa = PBXFileReference; fileEncoding = 4; lastKnownFileType = sourcecode.swift; path = ObservableMyBadHabitsFromAPI.swift; sourceTree = "<group>"; };
		4C2877E2A6511F3668D68881 /* ObservableBadHabitsFromAPI.swift */ = {isa = PBXFileReference; fileEncoding = 4; lastKnownFileType = sourcecode.swift; path = ObservableBadHabitsFromAPI.swift; sourceTree = "<group>"; };
		4C2878061A01A7E7455A0A85 /* BadHabitTableViewCell.swift */ = {isa = PBXFileReference; fileEncoding = 4; lastKnownFileType = sourcecode.swift; path = BadHabitTableViewCell.swift; sourceTree = "<group>"; };
		4C28785D2684530B7533ACA7 /* SimleBadHabit.swift */ = {isa = PBXFileReference; fileEncoding = 4; lastKnownFileType = sourcecode.swift; path = SimleBadHabit.swift; sourceTree = "<group>"; };
		4C2878D9A4D3FA203745DBD1 /* SimpleObjectsTests.swift */ = {isa = PBXFileReference; fileEncoding = 4; lastKnownFileType = sourcecode.swift; path = SimpleObjectsTests.swift; sourceTree = "<group>"; };
		4C28795432F42BB4C7528D5C /* SimpleNavigationBar.swift */ = {isa = PBXFileReference; fileEncoding = 4; lastKnownFileType = sourcecode.swift; path = SimpleNavigationBar.swift; sourceTree = "<group>"; };
		4C2879733193AD7FA725432E /* ViewController.swift */ = {isa = PBXFileReference; fileEncoding = 4; lastKnownFileType = sourcecode.swift; path = ViewController.swift; sourceTree = "<group>"; };
		4C28798DE7F12D0439A07B13 /* IdentificationTests.swift */ = {isa = PBXFileReference; fileEncoding = 4; lastKnownFileType = sourcecode.swift; path = IdentificationTests.swift; sourceTree = "<group>"; };
		4C2879984397062B701A567F /* SimpleLoginPresentation.swift */ = {isa = PBXFileReference; fileEncoding = 4; lastKnownFileType = sourcecode.swift; path = SimpleLoginPresentation.swift; sourceTree = "<group>"; };
		4C2879CBC781343E41611DD3 /* AppicationTests.swift */ = {isa = PBXFileReference; fileEncoding = 4; lastKnownFileType = sourcecode.swift; path = AppicationTests.swift; sourceTree = "<group>"; };
		4C287A15A07A292181CB033E /* BadHabitApplicableToTableViewCell.swift */ = {isa = PBXFileReference; fileEncoding = 4; lastKnownFileType = sourcecode.swift; path = BadHabitApplicableToTableViewCell.swift; sourceTree = "<group>"; };
		4C287A3E4DFC5B130F138827 /* TokenFromString.swift */ = {isa = PBXFileReference; fileEncoding = 4; lastKnownFileType = sourcecode.swift; path = TokenFromString.swift; sourceTree = "<group>"; };
		4C287ACABF51F6EF366EA62B /* AllBadHabitsPresentation.swift */ = {isa = PBXFileReference; fileEncoding = 4; lastKnownFileType = sourcecode.swift; path = AllBadHabitsPresentation.swift; sourceTree = "<group>"; };
		4C287B724BCC7BDE47FFFB94 /* UICollectionView.swift */ = {isa = PBXFileReference; fileEncoding = 4; lastKnownFileType = sourcecode.swift; path = UICollectionView.swift; sourceTree = "<group>"; };
		4C287B837731B07089B235E7 /* Selectable.swift */ = {isa = PBXFileReference; fileEncoding = 4; lastKnownFileType = sourcecode.swift; path = Selectable.swift; sourceTree = "<group>"; };
		4C287BDEB8E587A7E4922049 /* Alamofire.swift */ = {isa = PBXFileReference; fileEncoding = 4; lastKnownFileType = sourcecode.swift; path = Alamofire.swift; sourceTree = "<group>"; };
		4C287BF1B6CB5AD870366AEB /* MyBadHabitsPresentation.swift */ = {isa = PBXFileReference; fileEncoding = 4; lastKnownFileType = sourcecode.swift; path = MyBadHabitsPresentation.swift; sourceTree = "<group>"; };
		4C287BFD15BBEB8549AFEB97 /* Named.swift */ = {isa = PBXFileReference; fileEncoding = 4; lastKnownFileType = sourcecode.swift; path = Named.swift; sourceTree = "<group>"; };
		4C287C8D033CBDA225A7D98F /* SimpleAuthority.swift */ = {isa = PBXFileReference; fileEncoding = 4; lastKnownFileType = sourcecode.swift; path = SimpleAuthority.swift; sourceTree = "<group>"; };
		4C287CF908DCFB422755523A /* CredentialsFrom.swift */ = {isa = PBXFileReference; fileEncoding = 4; lastKnownFileType = sourcecode.swift; path = CredentialsFrom.swift; sourceTree = "<group>"; };
		4C287D34DF418020E12D3E60 /* EmptyToken.swift */ = {isa = PBXFileReference; fileEncoding = 4; lastKnownFileType = sourcecode.swift; path = EmptyToken.swift; sourceTree = "<group>"; };
		4C287E1BC768B524294D7C42 /* SimpleCodeConfirmationPresentation.swift */ = {isa = PBXFileReference; fileEncoding = 4; lastKnownFileType = sourcecode.swift; path = SimpleCodeConfirmationPresentation.swift; sourceTree = "<group>"; };
		4C287E45DF9DFC7E68EEDD48 /* EmtyObservableImage.swift */ = {isa = PBXFileReference; fileEncoding = 4; lastKnownFileType = sourcecode.swift; path = EmtyObservableImage.swift; sourceTree = "<group>"; };
		4C287E52B85E45F48A353F3C /* Authority.swift */ = {isa = PBXFileReference; fileEncoding = 4; lastKnownFileType = sourcecode.swift; path = Authority.swift; sourceTree = "<group>"; };
		4C287E699877719914175B47 /* ObservableImage.swift */ = {isa = PBXFileReference; fileEncoding = 4; lastKnownFileType = sourcecode.swift; path = ObservableImage.swift; sourceTree = "<group>"; };
		4C287F509B7CA418A115AA25 /* Presentation.swift */ = {isa = PBXFileReference; fileEncoding = 4; lastKnownFileType = sourcecode.swift; path = Presentation.swift; sourceTree = "<group>"; };
		4C287F6DE8AEF4DCC86C7523 /* ObservableMedCardOptions.swift */ = {isa = PBXFileReference; fileEncoding = 4; lastKnownFileType = sourcecode.swift; path = ObservableMedCardOptions.swift; sourceTree = "<group>"; };
		4C287FC6CB291637F3391038 /* Token.swift */ = {isa = PBXFileReference; fileEncoding = 4; lastKnownFileType = sourcecode.swift; path = Token.swift; sourceTree = "<group>"; };
		5791B611C4A7E0E4D26F24D0 /* Pods-DRNearTests.release.xcconfig */ = {isa = PBXFileReference; includeInIndex = 1; lastKnownFileType = text.xcconfig; name = "Pods-DRNearTests.release.xcconfig"; path = "Pods/Target Support Files/Pods-DRNearTests/Pods-DRNearTests.release.xcconfig"; sourceTree = "<group>"; };
		5B2D3125280CCAAF198E21B9 /* Pods_DRNearTests.framework */ = {isa = PBXFileReference; explicitFileType = wrapper.framework; includeInIndex = 0; path = Pods_DRNearTests.framework; sourceTree = BUILT_PRODUCTS_DIR; };
		7F61520493534457F4BFE257 /* Pods_DRNear.framework */ = {isa = PBXFileReference; explicitFileType = wrapper.framework; includeInIndex = 0; path = Pods_DRNear.framework; sourceTree = BUILT_PRODUCTS_DIR; };
		BAD8ACF095812B2FA99920AC /* Pods-DRNearTests.debug.xcconfig */ = {isa = PBXFileReference; includeInIndex = 1; lastKnownFileType = text.xcconfig; name = "Pods-DRNearTests.debug.xcconfig"; path = "Pods/Target Support Files/Pods-DRNearTests/Pods-DRNearTests.debug.xcconfig"; sourceTree = "<group>"; };
		DA6D72D8ADEA9DE6E9C918B3 /* Pods-DRNear.release.xcconfig */ = {isa = PBXFileReference; includeInIndex = 1; lastKnownFileType = text.xcconfig; name = "Pods-DRNear.release.xcconfig"; path = "Pods/Target Support Files/Pods-DRNear/Pods-DRNear.release.xcconfig"; sourceTree = "<group>"; };
		E7514FDD637C6A7E54622E10 /* Pods-DRNear.debug.xcconfig */ = {isa = PBXFileReference; includeInIndex = 1; lastKnownFileType = text.xcconfig; name = "Pods-DRNear.debug.xcconfig"; path = "Pods/Target Support Files/Pods-DRNear/Pods-DRNear.debug.xcconfig"; sourceTree = "<group>"; };
		FD060C9D2119F2F400EF3C2B /* BadHabitsTests.swift */ = {isa = PBXFileReference; lastKnownFileType = sourcecode.swift; path = BadHabitsTests.swift; sourceTree = "<group>"; };
		FD3460BA2114C499007B0943 /* UIView.swift */ = {isa = PBXFileReference; fileEncoding = 4; lastKnownFileType = sourcecode.swift; path = UIView.swift; sourceTree = "<group>"; };
		FD3460BC2114C4FD007B0943 /* UILabel.swift */ = {isa = PBXFileReference; fileEncoding = 4; lastKnownFileType = sourcecode.swift; path = UILabel.swift; sourceTree = "<group>"; };
		FD3460BE2114C50A007B0943 /* UIButton.swift */ = {isa = PBXFileReference; fileEncoding = 4; lastKnownFileType = sourcecode.swift; path = UIButton.swift; sourceTree = "<group>"; };
		FD3460BF2114C50A007B0943 /* UIImageView.swift */ = {isa = PBXFileReference; fileEncoding = 4; lastKnownFileType = sourcecode.swift; path = UIImageView.swift; sourceTree = "<group>"; };
		FD3460C22114C533007B0943 /* UITextField.swift */ = {isa = PBXFileReference; fileEncoding = 4; lastKnownFileType = sourcecode.swift; path = UITextField.swift; sourceTree = "<group>"; };
		FD3460C62114F2CD007B0943 /* UIFont+Additions.swift */ = {isa = PBXFileReference; fileEncoding = 4; lastKnownFileType = sourcecode.swift; path = "UIFont+Additions.swift"; sourceTree = "<group>"; };
		FD3460C72114F2CD007B0943 /* UIColor+Additions.swift */ = {isa = PBXFileReference; fileEncoding = 4; lastKnownFileType = sourcecode.swift; path = "UIColor+Additions.swift"; sourceTree = "<group>"; };
		FD3460CC2114F475007B0943 /* FiraSans-Medium.ttf */ = {isa = PBXFileReference; lastKnownFileType = file; path = "FiraSans-Medium.ttf"; sourceTree = "<group>"; };
		FD3460CD2114F476007B0943 /* FiraSans-Regular.ttf */ = {isa = PBXFileReference; lastKnownFileType = file; path = "FiraSans-Regular.ttf"; sourceTree = "<group>"; };
		FD3460D021152A25007B0943 /* FiraSans-Bold.ttf */ = {isa = PBXFileReference; lastKnownFileType = file; path = "FiraSans-Bold.ttf"; sourceTree = "<group>"; };
		FD395E852110DB8F00A0FBBF /* DRNear.app */ = {isa = PBXFileReference; explicitFileType = wrapper.application; includeInIndex = 0; path = DRNear.app; sourceTree = BUILT_PRODUCTS_DIR; };
		FD395E882110DB8F00A0FBBF /* AppDelegate.swift */ = {isa = PBXFileReference; lastKnownFileType = sourcecode.swift; path = AppDelegate.swift; sourceTree = "<group>"; };
		FD395E8D2110DB8F00A0FBBF /* Base */ = {isa = PBXFileReference; lastKnownFileType = file.storyboard; name = Base; path = Base.lproj/Main.storyboard; sourceTree = "<group>"; };
		FD395E8F2110DB9200A0FBBF /* Assets.xcassets */ = {isa = PBXFileReference; lastKnownFileType = folder.assetcatalog; path = Assets.xcassets; sourceTree = "<group>"; };
		FD395E922110DB9200A0FBBF /* Base */ = {isa = PBXFileReference; lastKnownFileType = file.storyboard; name = Base; path = Base.lproj/LaunchScreen.storyboard; sourceTree = "<group>"; };
		FD395E942110DB9200A0FBBF /* Info.plist */ = {isa = PBXFileReference; lastKnownFileType = text.plist.xml; path = Info.plist; sourceTree = "<group>"; };
		FD395E992110DB9200A0FBBF /* DRNearTests.xctest */ = {isa = PBXFileReference; explicitFileType = wrapper.cfbundle; includeInIndex = 0; path = DRNearTests.xctest; sourceTree = BUILT_PRODUCTS_DIR; };
		FD395E9F2110DB9200A0FBBF /* Info.plist */ = {isa = PBXFileReference; lastKnownFileType = text.plist.xml; path = Info.plist; sourceTree = "<group>"; };
		FDA2911A2118B66800FAA316 /* UITableView.swift */ = {isa = PBXFileReference; fileEncoding = 4; lastKnownFileType = sourcecode.swift; path = UITableView.swift; sourceTree = "<group>"; };
		FDA2911C2118C97300FAA316 /* StandardTableView.swift */ = {isa = PBXFileReference; fileEncoding = 4; lastKnownFileType = sourcecode.swift; path = StandardTableView.swift; sourceTree = "<group>"; };
/* End PBXFileReference section */

/* Begin PBXFrameworksBuildPhase section */
		FD395E822110DB8F00A0FBBF /* Frameworks */ = {
			isa = PBXFrameworksBuildPhase;
			buildActionMask = 2147483647;
			files = (
				6FA8E9FC14F632BDE7948806 /* Pods_DRNear.framework in Frameworks */,
			);
			runOnlyForDeploymentPostprocessing = 0;
		};
		FD395E962110DB9200A0FBBF /* Frameworks */ = {
			isa = PBXFrameworksBuildPhase;
			buildActionMask = 2147483647;
			files = (
				29BA871AF238F7300ED0A149 /* Pods_DRNearTests.framework in Frameworks */,
			);
			runOnlyForDeploymentPostprocessing = 0;
		};
/* End PBXFrameworksBuildPhase section */

/* Begin PBXGroup section */
		24D16B3553A11047E2E76A52 /* Pods */ = {
			isa = PBXGroup;
			children = (
				E7514FDD637C6A7E54622E10 /* Pods-DRNear.debug.xcconfig */,
				DA6D72D8ADEA9DE6E9C918B3 /* Pods-DRNear.release.xcconfig */,
				BAD8ACF095812B2FA99920AC /* Pods-DRNearTests.debug.xcconfig */,
				5791B611C4A7E0E4D26F24D0 /* Pods-DRNearTests.release.xcconfig */,
			);
			name = Pods;
			sourceTree = "<group>";
		};
		4C28707BEECD644BB0E7771F /* BaseConcepts */ = {
			isa = PBXGroup;
			children = (
				4C287E699877719914175B47 /* ObservableImage.swift */,
				4C287F509B7CA418A115AA25 /* Presentation.swift */,
				4C28737122D5A6DB17D380A3 /* TransitionSource.swift */,
				4C287BFD15BBEB8549AFEB97 /* Named.swift */,
				4C28768E71149F65D2E9D66D /* ContainingImage.swift */,
				4C2879733193AD7FA725432E /* ViewController.swift */,
				4C2870561AEE2D09B03DBC5C /* StandardSectionModel.swift */,
				FDA2911C2118C97300FAA316 /* StandardTableView.swift */,
				4C2875DC9E058AC020FA62E2 /* GradientView.swift */,
				4C28711E3DD71E7FC4FDA3DA /* Applicable.swift */,
				4C2875D5613F94AC1657CBD4 /* Interactive.swift */,
				4C28795432F42BB4C7528D5C /* SimpleNavigationBar.swift */,
				4C2875A00257F6125D0E7680 /* Identificated.swift */,
				4C287E45DF9DFC7E68EEDD48 /* EmtyObservableImage.swift */,
			);
			path = BaseConcepts;
			sourceTree = "<group>";
		};
		4C2870FA255F98075489E36E /* DomainConcepts */ = {
			isa = PBXGroup;
			children = (
				4C287C6E0D0492EF868D5529 /* MedCard */,
				4C287E52B85E45F48A353F3C /* Authority.swift */,
				4C2879984397062B701A567F /* SimpleLoginPresentation.swift */,
				4C287FC6CB291637F3391038 /* Token.swift */,
				4C28718B6BD4A50B4C73816A /* Credentials.swift */,
				4C287CF908DCFB422755523A /* CredentialsFrom.swift */,
				4C287E1BC768B524294D7C42 /* SimpleCodeConfirmationPresentation.swift */,
				4C287C8D033CBDA225A7D98F /* SimpleAuthority.swift */,
				4C287D34DF418020E12D3E60 /* EmptyToken.swift */,
				4C2872F1F204BEE3C6FA51EB /* AuthorityFromAPI.swift */,
				4C287A3E4DFC5B130F138827 /* TokenFromString.swift */,
			);
			path = DomainConcepts;
			sourceTree = "<group>";
		};
		4C287105A3A247C98DED64A6 /* BadHabits */ = {
			isa = PBXGroup;
			children = (
				4C28708164D19C6484F6778A /* BadHabit.swift */,
				4C2875E404BE49C90D8E11E7 /* BadHabits.swift */,
				4C2871B627B8F784AE50AADB /* BadHabitsTableViewPresentation.swift */,
				4C2878061A01A7E7455A0A85 /* BadHabitTableViewCell.swift */,
				4C287A15A07A292181CB033E /* BadHabitApplicableToTableViewCell.swift */,
				4C287B837731B07089B235E7 /* Selectable.swift */,
				4C28785D2684530B7533ACA7 /* SimleBadHabit.swift */,
				4C2871A82528B0822981AA36 /* BadHabitFrom.swift */,
				4C287BF1B6CB5AD870366AEB /* MyBadHabitsPresentation.swift */,
				4C287507A0FB531EC8172B72 /* MyBadHabit.swift */,
				4C2875902C60FA8C29665F9D /* MyBadHabitFromAPI.swift */,
				4C2877E2A6511F3668D68881 /* ObservableBadHabitsFromAPI.swift */,
				4C28776EFF4811C4A745CAC5 /* ObservableMyBadHabitsFromAPI.swift */,
				4C287ACABF51F6EF366EA62B /* AllBadHabitsPresentation.swift */,
			);
			path = BadHabits;
			sourceTree = "<group>";
		};
		4C287A7CF8DE63A8C5DCA02F /* Extensions */ = {
			isa = PBXGroup;
			children = (
				FDA2911A2118B66800FAA316 /* UITableView.swift */,
				FD3460C22114C533007B0943 /* UITextField.swift */,
				FD3460BE2114C50A007B0943 /* UIButton.swift */,
				FD3460BF2114C50A007B0943 /* UIImageView.swift */,
				FD3460BC2114C4FD007B0943 /* UILabel.swift */,
				FD3460BA2114C499007B0943 /* UIView.swift */,
				4C287B724BCC7BDE47FFFB94 /* UICollectionView.swift */,
				4C287BDEB8E587A7E4922049 /* Alamofire.swift */,
			);
			path = Extensions;
			sourceTree = "<group>";
		};
		4C287C6E0D0492EF868D5529 /* MedCard */ = {
			isa = PBXGroup;
			children = (
				4C287F6EEEAB86EC7DD0DEF7 /* MedCardOption */,
				4C28762B2D003CE53EB1A608 /* MedCardCollectionViewPresentation.swift */,
				4C287105A3A247C98DED64A6 /* BadHabits */,
			);
			path = MedCard;
			sourceTree = "<group>";
		};
		4C287F6EEEAB86EC7DD0DEF7 /* MedCardOption */ = {
			isa = PBXGroup;
			children = (
				4C287634E3FD7E687FC345E6 /* MedCardOption.swift */,
				4C2871E6C0C7E93672A171A0 /* MedCardOptionCollectionViewCell.swift */,
				4C287F6DE8AEF4DCC86C7523 /* ObservableMedCardOptions.swift */,
				4C28733DBA199F797355D770 /* MedCardOptionFrom.swift */,
				4C2874217818B5547164CA24 /* MedCardOptionApplicableToCollectionViewCell.swift */,
			);
			path = MedCardOption;
			sourceTree = "<group>";
		};
		5BFB27D46C4DD786377BB999 /* Frameworks */ = {
			isa = PBXGroup;
			children = (
				7F61520493534457F4BFE257 /* Pods_DRNear.framework */,
				5B2D3125280CCAAF198E21B9 /* Pods_DRNearTests.framework */,
			);
			name = Frameworks;
			sourceTree = "<group>";
		};
		FD3460CA2114F459007B0943 /* Styles */ = {
			isa = PBXGroup;
			children = (
				FD3460CB2114F465007B0943 /* Fonts */,
				FD3460C72114F2CD007B0943 /* UIColor+Additions.swift */,
				FD3460C62114F2CD007B0943 /* UIFont+Additions.swift */,
			);
			path = Styles;
			sourceTree = "<group>";
		};
		FD3460CB2114F465007B0943 /* Fonts */ = {
			isa = PBXGroup;
			children = (
				FD3460D021152A25007B0943 /* FiraSans-Bold.ttf */,
				FD3460CC2114F475007B0943 /* FiraSans-Medium.ttf */,
				FD3460CD2114F476007B0943 /* FiraSans-Regular.ttf */,
			);
			path = Fonts;
			sourceTree = "<group>";
		};
		FD395E7C2110DB8E00A0FBBF = {
			isa = PBXGroup;
			children = (
				FD395E872110DB8F00A0FBBF /* DRNear */,
				FD395E9C2110DB9200A0FBBF /* DRNearTests */,
				FD395E862110DB8F00A0FBBF /* Products */,
				24D16B3553A11047E2E76A52 /* Pods */,
				5BFB27D46C4DD786377BB999 /* Frameworks */,
			);
			sourceTree = "<group>";
		};
		FD395E862110DB8F00A0FBBF /* Products */ = {
			isa = PBXGroup;
			children = (
				FD395E852110DB8F00A0FBBF /* DRNear.app */,
				FD395E992110DB9200A0FBBF /* DRNearTests.xctest */,
			);
			name = Products;
			sourceTree = "<group>";
		};
		FD395E872110DB8F00A0FBBF /* DRNear */ = {
			isa = PBXGroup;
			children = (
				FD395E882110DB8F00A0FBBF /* AppDelegate.swift */,
				FD395E8C2110DB8F00A0FBBF /* Main.storyboard */,
				FD395E8F2110DB9200A0FBBF /* Assets.xcassets */,
				FD395E912110DB9200A0FBBF /* LaunchScreen.storyboard */,
				FD395E942110DB9200A0FBBF /* Info.plist */,
				4C28707BEECD644BB0E7771F /* BaseConcepts */,
				4C2870FA255F98075489E36E /* DomainConcepts */,
				4C287A7CF8DE63A8C5DCA02F /* Extensions */,
				FD3460CA2114F459007B0943 /* Styles */,
			);
			path = DRNear;
			sourceTree = "<group>";
		};
		FD395E9C2110DB9200A0FBBF /* DRNearTests */ = {
			isa = PBXGroup;
			children = (
				FD395E9F2110DB9200A0FBBF /* Info.plist */,
				4C287484ADC3F373C2CF204A /* AuthorizationTests.swift */,
				4C2876ED262F9EFB6E8ACD9C /* MedCardTests.swift */,
				FD060C9D2119F2F400EF3C2B /* BadHabitsTests.swift */,
				4C2870CE42C49DEA699E0DE1 /* TestExtensions.swift */,
				4C28798DE7F12D0439A07B13 /* IdentificationTests.swift */,
				4C2878D9A4D3FA203745DBD1 /* SimpleObjectsTests.swift */,
				4C2879CBC781343E41611DD3 /* AppicationTests.swift */,
			);
			path = DRNearTests;
			sourceTree = "<group>";
		};
/* End PBXGroup section */

/* Begin PBXNativeTarget section */
		FD395E842110DB8F00A0FBBF /* DRNear */ = {
			isa = PBXNativeTarget;
			buildConfigurationList = FD395EA22110DB9200A0FBBF /* Build configuration list for PBXNativeTarget "DRNear" */;
			buildPhases = (
				D2F0CC5019EE5C2FD3425D12 /* [CP] Check Pods Manifest.lock */,
				FD395E812110DB8F00A0FBBF /* Sources */,
				FD395E822110DB8F00A0FBBF /* Frameworks */,
				FD395E832110DB8F00A0FBBF /* Resources */,
				EECD39C37078C979CDF124BA /* [CP] Embed Pods Frameworks */,
				FD3460B921136A7C007B0943 /* ShellScript */,
			);
			buildRules = (
			);
			dependencies = (
			);
			name = DRNear;
			productName = DRNear;
			productReference = FD395E852110DB8F00A0FBBF /* DRNear.app */;
			productType = "com.apple.product-type.application";
		};
		FD395E982110DB9200A0FBBF /* DRNearTests */ = {
			isa = PBXNativeTarget;
			buildConfigurationList = FD395EA52110DB9200A0FBBF /* Build configuration list for PBXNativeTarget "DRNearTests" */;
			buildPhases = (
				4E078FA97AC871FADE6BCD58 /* [CP] Check Pods Manifest.lock */,
				FD395E952110DB9200A0FBBF /* Sources */,
				FD395E962110DB9200A0FBBF /* Frameworks */,
				FD395E972110DB9200A0FBBF /* Resources */,
				A0EC4F731CED7504C22C8E8A /* [CP] Embed Pods Frameworks */,
			);
			buildRules = (
			);
			dependencies = (
				FD395E9B2110DB9200A0FBBF /* PBXTargetDependency */,
			);
			name = DRNearTests;
			productName = DRNearTests;
			productReference = FD395E992110DB9200A0FBBF /* DRNearTests.xctest */;
			productType = "com.apple.product-type.bundle.unit-test";
		};
/* End PBXNativeTarget section */

/* Begin PBXProject section */
		FD395E7D2110DB8E00A0FBBF /* Project object */ = {
			isa = PBXProject;
			attributes = {
				LastSwiftUpdateCheck = 0940;
				LastUpgradeCheck = 0940;
				ORGANIZATIONNAME = Shlesberg;
				TargetAttributes = {
					FD395E842110DB8F00A0FBBF = {
						CreatedOnToolsVersion = 9.4.1;
					};
					FD395E982110DB9200A0FBBF = {
						CreatedOnToolsVersion = 9.4.1;
						TestTargetID = FD395E842110DB8F00A0FBBF;
					};
				};
			};
			buildConfigurationList = FD395E802110DB8E00A0FBBF /* Build configuration list for PBXProject "DRNear" */;
			compatibilityVersion = "Xcode 9.3";
			developmentRegion = en;
			hasScannedForEncodings = 0;
			knownRegions = (
				en,
				Base,
			);
			mainGroup = FD395E7C2110DB8E00A0FBBF;
			productRefGroup = FD395E862110DB8F00A0FBBF /* Products */;
			projectDirPath = "";
			projectRoot = "";
			targets = (
				FD395E842110DB8F00A0FBBF /* DRNear */,
				FD395E982110DB9200A0FBBF /* DRNearTests */,
			);
		};
/* End PBXProject section */

/* Begin PBXResourcesBuildPhase section */
		FD395E832110DB8F00A0FBBF /* Resources */ = {
			isa = PBXResourcesBuildPhase;
			buildActionMask = 2147483647;
			files = (
				FD3460D121152A26007B0943 /* FiraSans-Bold.ttf in Resources */,
				FD3460CE2114F476007B0943 /* FiraSans-Medium.ttf in Resources */,
				FD3460CF2114F476007B0943 /* FiraSans-Regular.ttf in Resources */,
				FD395E932110DB9200A0FBBF /* LaunchScreen.storyboard in Resources */,
				FD395E902110DB9200A0FBBF /* Assets.xcassets in Resources */,
				FD395E8E2110DB8F00A0FBBF /* Main.storyboard in Resources */,
			);
			runOnlyForDeploymentPostprocessing = 0;
		};
		FD395E972110DB9200A0FBBF /* Resources */ = {
			isa = PBXResourcesBuildPhase;
			buildActionMask = 2147483647;
			files = (
			);
			runOnlyForDeploymentPostprocessing = 0;
		};
/* End PBXResourcesBuildPhase section */

/* Begin PBXShellScriptBuildPhase section */
		4E078FA97AC871FADE6BCD58 /* [CP] Check Pods Manifest.lock */ = {
			isa = PBXShellScriptBuildPhase;
			buildActionMask = 2147483647;
			files = (
			);
			inputPaths = (
				"${PODS_PODFILE_DIR_PATH}/Podfile.lock",
				"${PODS_ROOT}/Manifest.lock",
			);
			name = "[CP] Check Pods Manifest.lock";
			outputPaths = (
				"$(DERIVED_FILE_DIR)/Pods-DRNearTests-checkManifestLockResult.txt",
			);
			runOnlyForDeploymentPostprocessing = 0;
			shellPath = /bin/sh;
			shellScript = "diff \"${PODS_PODFILE_DIR_PATH}/Podfile.lock\" \"${PODS_ROOT}/Manifest.lock\" > /dev/null\nif [ $? != 0 ] ; then\n    # print error to STDERR\n    echo \"error: The sandbox is not in sync with the Podfile.lock. Run 'pod install' or update your CocoaPods installation.\" >&2\n    exit 1\nfi\n# This output is used by Xcode 'outputs' to avoid re-running this script phase.\necho \"SUCCESS\" > \"${SCRIPT_OUTPUT_FILE_0}\"\n";
			showEnvVarsInLog = 0;
		};
		A0EC4F731CED7504C22C8E8A /* [CP] Embed Pods Frameworks */ = {
			isa = PBXShellScriptBuildPhase;
			buildActionMask = 2147483647;
			files = (
			);
			inputPaths = (
				"${SRCROOT}/Pods/Target Support Files/Pods-DRNearTests/Pods-DRNearTests-frameworks.sh",
				"${BUILT_PRODUCTS_DIR}/RxSwift/RxSwift.framework",
				"${BUILT_PRODUCTS_DIR}/Nimble/Nimble.framework",
				"${BUILT_PRODUCTS_DIR}/Quick/Quick.framework",
				"${BUILT_PRODUCTS_DIR}/RxBlocking/RxBlocking.framework",
				"${BUILT_PRODUCTS_DIR}/RxTest/RxTest.framework",
			);
			name = "[CP] Embed Pods Frameworks";
			outputPaths = (
				"${TARGET_BUILD_DIR}/${FRAMEWORKS_FOLDER_PATH}/RxSwift.framework",
				"${TARGET_BUILD_DIR}/${FRAMEWORKS_FOLDER_PATH}/Nimble.framework",
				"${TARGET_BUILD_DIR}/${FRAMEWORKS_FOLDER_PATH}/Quick.framework",
				"${TARGET_BUILD_DIR}/${FRAMEWORKS_FOLDER_PATH}/RxBlocking.framework",
				"${TARGET_BUILD_DIR}/${FRAMEWORKS_FOLDER_PATH}/RxTest.framework",
			);
			runOnlyForDeploymentPostprocessing = 0;
			shellPath = /bin/sh;
			shellScript = "\"${SRCROOT}/Pods/Target Support Files/Pods-DRNearTests/Pods-DRNearTests-frameworks.sh\"\n";
			showEnvVarsInLog = 0;
		};
		D2F0CC5019EE5C2FD3425D12 /* [CP] Check Pods Manifest.lock */ = {
			isa = PBXShellScriptBuildPhase;
			buildActionMask = 2147483647;
			files = (
			);
			inputPaths = (
				"${PODS_PODFILE_DIR_PATH}/Podfile.lock",
				"${PODS_ROOT}/Manifest.lock",
			);
			name = "[CP] Check Pods Manifest.lock";
			outputPaths = (
				"$(DERIVED_FILE_DIR)/Pods-DRNear-checkManifestLockResult.txt",
			);
			runOnlyForDeploymentPostprocessing = 0;
			shellPath = /bin/sh;
			shellScript = "diff \"${PODS_PODFILE_DIR_PATH}/Podfile.lock\" \"${PODS_ROOT}/Manifest.lock\" > /dev/null\nif [ $? != 0 ] ; then\n    # print error to STDERR\n    echo \"error: The sandbox is not in sync with the Podfile.lock. Run 'pod install' or update your CocoaPods installation.\" >&2\n    exit 1\nfi\n# This output is used by Xcode 'outputs' to avoid re-running this script phase.\necho \"SUCCESS\" > \"${SCRIPT_OUTPUT_FILE_0}\"\n";
			showEnvVarsInLog = 0;
		};
		EECD39C37078C979CDF124BA /* [CP] Embed Pods Frameworks */ = {
			isa = PBXShellScriptBuildPhase;
			buildActionMask = 2147483647;
			files = (
			);
			inputPaths = (
				"${SRCROOT}/Pods/Target Support Files/Pods-DRNear/Pods-DRNear-frameworks.sh",
				"${BUILT_PRODUCTS_DIR}/Alamofire/Alamofire.framework",
				"${BUILT_PRODUCTS_DIR}/Differentiator/Differentiator.framework",
				"${BUILT_PRODUCTS_DIR}/JWTDecode/JWTDecode.framework",
				"${BUILT_PRODUCTS_DIR}/RxCocoa/RxCocoa.framework",
				"${BUILT_PRODUCTS_DIR}/RxDataSources/RxDataSources.framework",
				"${BUILT_PRODUCTS_DIR}/RxSwift/RxSwift.framework",
				"${BUILT_PRODUCTS_DIR}/SnapKit/SnapKit.framework",
			);
			name = "[CP] Embed Pods Frameworks";
			outputPaths = (
				"${TARGET_BUILD_DIR}/${FRAMEWORKS_FOLDER_PATH}/Alamofire.framework",
				"${TARGET_BUILD_DIR}/${FRAMEWORKS_FOLDER_PATH}/Differentiator.framework",
				"${TARGET_BUILD_DIR}/${FRAMEWORKS_FOLDER_PATH}/JWTDecode.framework",
				"${TARGET_BUILD_DIR}/${FRAMEWORKS_FOLDER_PATH}/RxCocoa.framework",
				"${TARGET_BUILD_DIR}/${FRAMEWORKS_FOLDER_PATH}/RxDataSources.framework",
				"${TARGET_BUILD_DIR}/${FRAMEWORKS_FOLDER_PATH}/RxSwift.framework",
				"${TARGET_BUILD_DIR}/${FRAMEWORKS_FOLDER_PATH}/SnapKit.framework",
			);
			runOnlyForDeploymentPostprocessing = 0;
			shellPath = /bin/sh;
			shellScript = "\"${SRCROOT}/Pods/Target Support Files/Pods-DRNear/Pods-DRNear-frameworks.sh\"\n";
			showEnvVarsInLog = 0;
		};
		FD3460B921136A7C007B0943 /* ShellScript */ = {
			isa = PBXShellScriptBuildPhase;
			buildActionMask = 2147483647;
			files = (
			);
			inputPaths = (
			);
			outputPaths = (
			);
			runOnlyForDeploymentPostprocessing = 0;
			shellPath = /bin/sh;
			shellScript = "\"${PODS_ROOT}/SwiftLint/swiftlint\"";
		};
/* End PBXShellScriptBuildPhase section */

/* Begin PBXSourcesBuildPhase section */
		FD395E812110DB8F00A0FBBF /* Sources */ = {
			isa = PBXSourcesBuildPhase;
			buildActionMask = 2147483647;
			files = (
				FD3460BD2114C4FE007B0943 /* UILabel.swift in Sources */,
				FD3460BB2114C499007B0943 /* UIView.swift in Sources */,
				FD395E892110DB8F00A0FBBF /* AppDelegate.swift in Sources */,
				4C28762B019C533E21C77830 /* ObservableImage.swift in Sources */,
				4C2879E05A8BFAFBBEAA4AE9 /* Presentation.swift in Sources */,
				4C287507116D991E0A095D48 /* TransitionSource.swift in Sources */,
				4C2875193BC5215470ED3FE1 /* Named.swift in Sources */,
				4C287E2D873D612756944F42 /* ContainingImage.swift in Sources */,
				FD3460C82114F2CD007B0943 /* UIFont+Additions.swift in Sources */,
				4C2879DC948AEE515F8B9DD9 /* ViewController.swift in Sources */,
				4C28707B9D15494ECA238A5F /* MedCardOption.swift in Sources */,
				FD3460C32114C533007B0943 /* UITextField.swift in Sources */,
				FD3460C12114C50A007B0943 /* UIImageView.swift in Sources */,
				4C287318C1F477AA26AA996E /* MedCardCollectionViewPresentation.swift in Sources */,
				4C287B0F8C671580463C6ADF /* UICollectionView.swift in Sources */,
				FD3460C92114F2CD007B0943 /* UIColor+Additions.swift in Sources */,
				4C287A0CEADD4CB6EF894F6B /* StandardSectionModel.swift in Sources */,
				4C287FBC5FEFD5E1450C3470 /* MedCardOptionCollectionViewCell.swift in Sources */,
				4C2871760C0104098A04BDFA /* GradientView.swift in Sources */,
				FD3460C02114C50A007B0943 /* UIButton.swift in Sources */,
				4C287737CA37EE6D4060A5AE /* ObservableMedCardOptions.swift in Sources */,
				4C287C2B3299A02ABCEF5FBC /* MedCardOptionFrom.swift in Sources */,
				4C287AB142304A462D5C63CD /* Applicable.swift in Sources */,
				4C287D1C992A0023BBF5C762 /* Interactive.swift in Sources */,
				4C287B72845683EDB11CB9E9 /* MedCardOptionApplicableToCollectionViewCell.swift in Sources */,
				4C287E6ABA27E130731A7CBF /* SimpleNavigationBar.swift in Sources */,
				4C28726D8D6010B64D446EF7 /* Identificated.swift in Sources */,
				FDA2911B2118B66900FAA316 /* UITableView.swift in Sources */,
				4C28770423B6DC3A32B87FF6 /* BadHabit.swift in Sources */,
				4C28720396CCCDADD6C2F66C /* BadHabits.swift in Sources */,
				FDA2911D2118C97300FAA316 /* StandardTableView.swift in Sources */,
				4C287B5806EB12133B0235AB /* BadHabitsTableViewPresentation.swift in Sources */,
				4C28741C98B966BDDD78F4D4 /* BadHabitTableViewCell.swift in Sources */,
				4C28746F061D9C9C8578DB71 /* BadHabitApplicableToTableViewCell.swift in Sources */,
				4C287CD2EA6A62A2DEDC8A5F /* Selectable.swift in Sources */,
				4C287D453B54426DE1B75C57 /* SimleBadHabit.swift in Sources */,
				4C287F05F5C7454FA7A68331 /* Authority.swift in Sources */,
				4C287272D1EDD3867CC994AF /* EmtyObservableImage.swift in Sources */,
				4C287DEBCF054934DD89DFB8 /* TestExtensions.swift in Sources */,
				4C28787EBB9E4F86631EA0B9 /* SimpleLoginPresentation.swift in Sources */,
				4C2875A7A1C194F1797C996B /* Token.swift in Sources */,
				4C287B1C1803BEA891C7F6C8 /* Credentials.swift in Sources */,
				4C287600E35D4DA6A50A00DD /* CredentialsFrom.swift in Sources */,
				4C28765411D4406E3EB869B8 /* SimpleCodeConfirmationPresentation.swift in Sources */,
				4C2876CD9E69B7C53F9A8511 /* SimpleAuthority.swift in Sources */,
				4C2873285F2259314C652EB5 /* EmptyToken.swift in Sources */,
				4C287AC41A84A24BAEB0A4D3 /* AuthorityFromAPI.swift in Sources */,
				4C28792FCEF04FBBAE261330 /* TokenFromString.swift in Sources */,
				4C287838622D5D8D93068FA2 /* BadHabitFrom.swift in Sources */,
				4C287BE4587CFA7665CE39BD /* MyBadHabitsPresentation.swift in Sources */,
				4C2875D619559CA2DFF54F6C /* MyBadHabit.swift in Sources */,
				4C287989FAAD86D2723E54B6 /* MyBadHabitFromAPI.swift in Sources */,
				4C287537F876404304236173 /* ObservableBadHabitsFromAPI.swift in Sources */,
				4C2878E55C44A97E05C481BD /* ObservableMyBadHabitsFromAPI.swift in Sources */,
				4C287068C098A6125B74277C /* AllBadHabitsPresentation.swift in Sources */,
				4C2879F72D99260125A48ACA /* Alamofire.swift in Sources */,
			);
			runOnlyForDeploymentPostprocessing = 0;
		};
		FD395E952110DB9200A0FBBF /* Sources */ = {
			isa = PBXSourcesBuildPhase;
			buildActionMask = 2147483647;
			files = (
				4C2871C006782E5311F7F780 /* AuthorizationTests.swift in Sources */,
				FD060C9E2119F2F400EF3C2B /* BadHabitsTests.swift in Sources */,
				4C287DEB8A8FBA8973E56C2A /* MedCardTests.swift in Sources */,
				4C28754E684C658153CD4A90 /* IdentificationTests.swift in Sources */,
				4C287234773E4E2458246776 /* SimpleObjectsTests.swift in Sources */,
				4C287CE2462150329776CA93 /* AppicationTests.swift in Sources */,
			);
			runOnlyForDeploymentPostprocessing = 0;
		};
/* End PBXSourcesBuildPhase section */

/* Begin PBXTargetDependency section */
		FD395E9B2110DB9200A0FBBF /* PBXTargetDependency */ = {
			isa = PBXTargetDependency;
			target = FD395E842110DB8F00A0FBBF /* DRNear */;
			targetProxy = FD395E9A2110DB9200A0FBBF /* PBXContainerItemProxy */;
		};
/* End PBXTargetDependency section */

/* Begin PBXVariantGroup section */
		FD395E8C2110DB8F00A0FBBF /* Main.storyboard */ = {
			isa = PBXVariantGroup;
			children = (
				FD395E8D2110DB8F00A0FBBF /* Base */,
			);
			name = Main.storyboard;
			sourceTree = "<group>";
		};
		FD395E912110DB9200A0FBBF /* LaunchScreen.storyboard */ = {
			isa = PBXVariantGroup;
			children = (
				FD395E922110DB9200A0FBBF /* Base */,
			);
			name = LaunchScreen.storyboard;
			sourceTree = "<group>";
		};
/* End PBXVariantGroup section */

/* Begin XCBuildConfiguration section */
		FD395EA02110DB9200A0FBBF /* Debug */ = {
			isa = XCBuildConfiguration;
			buildSettings = {
				ALWAYS_SEARCH_USER_PATHS = NO;
				CLANG_ANALYZER_NONNULL = YES;
				CLANG_ANALYZER_NUMBER_OBJECT_CONVERSION = YES_AGGRESSIVE;
				CLANG_CXX_LANGUAGE_STANDARD = "gnu++14";
				CLANG_CXX_LIBRARY = "libc++";
				CLANG_ENABLE_MODULES = YES;
				CLANG_ENABLE_OBJC_ARC = YES;
				CLANG_ENABLE_OBJC_WEAK = YES;
				CLANG_WARN_BLOCK_CAPTURE_AUTORELEASING = YES;
				CLANG_WARN_BOOL_CONVERSION = YES;
				CLANG_WARN_COMMA = YES;
				CLANG_WARN_CONSTANT_CONVERSION = YES;
				CLANG_WARN_DEPRECATED_OBJC_IMPLEMENTATIONS = YES;
				CLANG_WARN_DIRECT_OBJC_ISA_USAGE = YES_ERROR;
				CLANG_WARN_DOCUMENTATION_COMMENTS = YES;
				CLANG_WARN_EMPTY_BODY = YES;
				CLANG_WARN_ENUM_CONVERSION = YES;
				CLANG_WARN_INFINITE_RECURSION = YES;
				CLANG_WARN_INT_CONVERSION = YES;
				CLANG_WARN_NON_LITERAL_NULL_CONVERSION = YES;
				CLANG_WARN_OBJC_IMPLICIT_RETAIN_SELF = YES;
				CLANG_WARN_OBJC_LITERAL_CONVERSION = YES;
				CLANG_WARN_OBJC_ROOT_CLASS = YES_ERROR;
				CLANG_WARN_RANGE_LOOP_ANALYSIS = YES;
				CLANG_WARN_STRICT_PROTOTYPES = YES;
				CLANG_WARN_SUSPICIOUS_MOVE = YES;
				CLANG_WARN_UNGUARDED_AVAILABILITY = YES_AGGRESSIVE;
				CLANG_WARN_UNREACHABLE_CODE = YES;
				CLANG_WARN__DUPLICATE_METHOD_MATCH = YES;
				CODE_SIGN_IDENTITY = "iPhone Developer";
				COPY_PHASE_STRIP = NO;
				DEBUG_INFORMATION_FORMAT = dwarf;
				ENABLE_STRICT_OBJC_MSGSEND = YES;
				ENABLE_TESTABILITY = YES;
				GCC_C_LANGUAGE_STANDARD = gnu11;
				GCC_DYNAMIC_NO_PIC = NO;
				GCC_NO_COMMON_BLOCKS = YES;
				GCC_OPTIMIZATION_LEVEL = 0;
				GCC_PREPROCESSOR_DEFINITIONS = (
					"DEBUG=1",
					"$(inherited)",
				);
				GCC_WARN_64_TO_32_BIT_CONVERSION = YES;
				GCC_WARN_ABOUT_RETURN_TYPE = YES_ERROR;
				GCC_WARN_UNDECLARED_SELECTOR = YES;
				GCC_WARN_UNINITIALIZED_AUTOS = YES_AGGRESSIVE;
				GCC_WARN_UNUSED_FUNCTION = YES;
				GCC_WARN_UNUSED_VARIABLE = YES;
				IPHONEOS_DEPLOYMENT_TARGET = 11.4;
				MTL_ENABLE_DEBUG_INFO = YES;
				ONLY_ACTIVE_ARCH = YES;
				SDKROOT = iphoneos;
				SWIFT_ACTIVE_COMPILATION_CONDITIONS = DEBUG;
				SWIFT_OPTIMIZATION_LEVEL = "-Onone";
			};
			name = Debug;
		};
		FD395EA12110DB9200A0FBBF /* Release */ = {
			isa = XCBuildConfiguration;
			buildSettings = {
				ALWAYS_SEARCH_USER_PATHS = NO;
				CLANG_ANALYZER_NONNULL = YES;
				CLANG_ANALYZER_NUMBER_OBJECT_CONVERSION = YES_AGGRESSIVE;
				CLANG_CXX_LANGUAGE_STANDARD = "gnu++14";
				CLANG_CXX_LIBRARY = "libc++";
				CLANG_ENABLE_MODULES = YES;
				CLANG_ENABLE_OBJC_ARC = YES;
				CLANG_ENABLE_OBJC_WEAK = YES;
				CLANG_WARN_BLOCK_CAPTURE_AUTORELEASING = YES;
				CLANG_WARN_BOOL_CONVERSION = YES;
				CLANG_WARN_COMMA = YES;
				CLANG_WARN_CONSTANT_CONVERSION = YES;
				CLANG_WARN_DEPRECATED_OBJC_IMPLEMENTATIONS = YES;
				CLANG_WARN_DIRECT_OBJC_ISA_USAGE = YES_ERROR;
				CLANG_WARN_DOCUMENTATION_COMMENTS = YES;
				CLANG_WARN_EMPTY_BODY = YES;
				CLANG_WARN_ENUM_CONVERSION = YES;
				CLANG_WARN_INFINITE_RECURSION = YES;
				CLANG_WARN_INT_CONVERSION = YES;
				CLANG_WARN_NON_LITERAL_NULL_CONVERSION = YES;
				CLANG_WARN_OBJC_IMPLICIT_RETAIN_SELF = YES;
				CLANG_WARN_OBJC_LITERAL_CONVERSION = YES;
				CLANG_WARN_OBJC_ROOT_CLASS = YES_ERROR;
				CLANG_WARN_RANGE_LOOP_ANALYSIS = YES;
				CLANG_WARN_STRICT_PROTOTYPES = YES;
				CLANG_WARN_SUSPICIOUS_MOVE = YES;
				CLANG_WARN_UNGUARDED_AVAILABILITY = YES_AGGRESSIVE;
				CLANG_WARN_UNREACHABLE_CODE = YES;
				CLANG_WARN__DUPLICATE_METHOD_MATCH = YES;
				CODE_SIGN_IDENTITY = "iPhone Developer";
				COPY_PHASE_STRIP = NO;
				DEBUG_INFORMATION_FORMAT = "dwarf-with-dsym";
				ENABLE_NS_ASSERTIONS = NO;
				ENABLE_STRICT_OBJC_MSGSEND = YES;
				GCC_C_LANGUAGE_STANDARD = gnu11;
				GCC_NO_COMMON_BLOCKS = YES;
				GCC_WARN_64_TO_32_BIT_CONVERSION = YES;
				GCC_WARN_ABOUT_RETURN_TYPE = YES_ERROR;
				GCC_WARN_UNDECLARED_SELECTOR = YES;
				GCC_WARN_UNINITIALIZED_AUTOS = YES_AGGRESSIVE;
				GCC_WARN_UNUSED_FUNCTION = YES;
				GCC_WARN_UNUSED_VARIABLE = YES;
				IPHONEOS_DEPLOYMENT_TARGET = 11.4;
				MTL_ENABLE_DEBUG_INFO = NO;
				SDKROOT = iphoneos;
				SWIFT_COMPILATION_MODE = wholemodule;
				SWIFT_OPTIMIZATION_LEVEL = "-O";
				VALIDATE_PRODUCT = YES;
			};
			name = Release;
		};
		FD395EA32110DB9200A0FBBF /* Debug */ = {
			isa = XCBuildConfiguration;
			baseConfigurationReference = E7514FDD637C6A7E54622E10 /* Pods-DRNear.debug.xcconfig */;
			buildSettings = {
				ASSETCATALOG_COMPILER_APPICON_NAME = AppIcon;
				CODE_SIGN_IDENTITY = "iPhone Developer";
				CODE_SIGN_STYLE = Manual;
				DEVELOPMENT_TEAM = W9HXCUL7KS;
				INFOPLIST_FILE = DRNear/Info.plist;
				LD_RUNPATH_SEARCH_PATHS = (
					"$(inherited)",
					"@executable_path/Frameworks",
				);
				PRODUCT_BUNDLE_IDENTIFIER = jufy.DRNear;
				PRODUCT_NAME = "$(TARGET_NAME)";
				PROVISIONING_PROFILE = "966ea0ff-316f-4da0-9c42-d042464146ee";
				PROVISIONING_PROFILE_SPECIFIER = DoctorNEarDevelopment;
				SWIFT_VERSION = 4.0;
				TARGETED_DEVICE_FAMILY = "1,2";
			};
			name = Debug;
		};
		FD395EA42110DB9200A0FBBF /* Release */ = {
			isa = XCBuildConfiguration;
			baseConfigurationReference = DA6D72D8ADEA9DE6E9C918B3 /* Pods-DRNear.release.xcconfig */;
			buildSettings = {
				ASSETCATALOG_COMPILER_APPICON_NAME = AppIcon;
				CODE_SIGN_IDENTITY = "iPhone Developer";
				CODE_SIGN_STYLE = Manual;
				DEVELOPMENT_TEAM = W9HXCUL7KS;
				INFOPLIST_FILE = DRNear/Info.plist;
				LD_RUNPATH_SEARCH_PATHS = (
					"$(inherited)",
					"@executable_path/Frameworks",
				);
				PRODUCT_BUNDLE_IDENTIFIER = jufy.DRNear;
				PRODUCT_NAME = "$(TARGET_NAME)";
				PROVISIONING_PROFILE = "966ea0ff-316f-4da0-9c42-d042464146ee";
				PROVISIONING_PROFILE_SPECIFIER = DoctorNEarDevelopment;
				SWIFT_VERSION = 4.0;
				TARGETED_DEVICE_FAMILY = "1,2";
			};
			name = Release;
		};
		FD395EA62110DB9200A0FBBF /* Debug */ = {
			isa = XCBuildConfiguration;
			baseConfigurationReference = BAD8ACF095812B2FA99920AC /* Pods-DRNearTests.debug.xcconfig */;
			buildSettings = {
				ALWAYS_EMBED_SWIFT_STANDARD_LIBRARIES = YES;
				BUNDLE_LOADER = "$(TEST_HOST)";
				CODE_SIGN_STYLE = Automatic;
				DEVELOPMENT_TEAM = W9HXCUL7KS;
				INFOPLIST_FILE = DRNearTests/Info.plist;
				LD_RUNPATH_SEARCH_PATHS = (
					"$(inherited)",
					"@executable_path/Frameworks",
					"@loader_path/Frameworks",
				);
				PRODUCT_BUNDLE_IDENTIFIER = shles.DRNearTests;
				PRODUCT_NAME = "$(TARGET_NAME)";
				SWIFT_VERSION = 4.0;
				TARGETED_DEVICE_FAMILY = "1,2";
				TEST_HOST = "$(BUILT_PRODUCTS_DIR)/DRNear.app/DRNear";
			};
			name = Debug;
		};
		FD395EA72110DB9200A0FBBF /* Release */ = {
			isa = XCBuildConfiguration;
			baseConfigurationReference = 5791B611C4A7E0E4D26F24D0 /* Pods-DRNearTests.release.xcconfig */;
			buildSettings = {
				ALWAYS_EMBED_SWIFT_STANDARD_LIBRARIES = YES;
				BUNDLE_LOADER = "$(TEST_HOST)";
				CODE_SIGN_STYLE = Automatic;
				DEVELOPMENT_TEAM = W9HXCUL7KS;
				INFOPLIST_FILE = DRNearTests/Info.plist;
				LD_RUNPATH_SEARCH_PATHS = (
					"$(inherited)",
					"@executable_path/Frameworks",
					"@loader_path/Frameworks",
				);
				PRODUCT_BUNDLE_IDENTIFIER = shles.DRNearTests;
				PRODUCT_NAME = "$(TARGET_NAME)";
				SWIFT_VERSION = 4.0;
				TARGETED_DEVICE_FAMILY = "1,2";
				TEST_HOST = "$(BUILT_PRODUCTS_DIR)/DRNear.app/DRNear";
			};
			name = Release;
		};
/* End XCBuildConfiguration section */

/* Begin XCConfigurationList section */
		FD395E802110DB8E00A0FBBF /* Build configuration list for PBXProject "DRNear" */ = {
			isa = XCConfigurationList;
			buildConfigurations = (
				FD395EA02110DB9200A0FBBF /* Debug */,
				FD395EA12110DB9200A0FBBF /* Release */,
			);
			defaultConfigurationIsVisible = 0;
			defaultConfigurationName = Release;
		};
		FD395EA22110DB9200A0FBBF /* Build configuration list for PBXNativeTarget "DRNear" */ = {
			isa = XCConfigurationList;
			buildConfigurations = (
				FD395EA32110DB9200A0FBBF /* Debug */,
				FD395EA42110DB9200A0FBBF /* Release */,
			);
			defaultConfigurationIsVisible = 0;
			defaultConfigurationName = Release;
		};
		FD395EA52110DB9200A0FBBF /* Build configuration list for PBXNativeTarget "DRNearTests" */ = {
			isa = XCConfigurationList;
			buildConfigurations = (
				FD395EA62110DB9200A0FBBF /* Debug */,
				FD395EA72110DB9200A0FBBF /* Release */,
			);
			defaultConfigurationIsVisible = 0;
			defaultConfigurationName = Release;
		};
/* End XCConfigurationList section */
	};
	rootObject = FD395E7D2110DB8E00A0FBBF /* Project object */;
}
